// !$*UTF8*$!
{
	archiveVersion = 1;
	classes = {
	};
	objectVersion = 77;
	objects = {

/* Begin PBXBuildFile section */
		0B250C1843C4CAF984D3C87F /* OracleKit in Frameworks */ = {isa = PBXBuildFile; productRef = BF28BFF93E30F2016054C7FC /* OracleKit */; };
		0CE7AD6783E511A241CCE8B9 /* Assets.xcassets in Resources */ = {isa = PBXBuildFile; fileRef = 9747F85F8B3132BD641525AE /* Assets.xcassets */; };
		0E2BA2D4130B1BF12FFE5AAA /* NexusShare.appex in Embed Foundation Extensions */ = {isa = PBXBuildFile; fileRef = 35FAA94347FA173BC06C86F8 /* NexusShare.appex */; platformFilters = (macos, ); settings = {ATTRIBUTES = (RemoveHeadersOnCopy, ); }; };
		1219A0F40327E57A5C962C60 /* NexusConfig.swift in Sources */ = {isa = PBXBuildFile; fileRef = E596680FCB92D58641782D23 /* NexusConfig.swift */; };
		135BC6904B6A6EF518DD7C74 /* NeoApp.swift in Sources */ = {isa = PBXBuildFile; fileRef = FA7B638D3B556C915C153B1E /* NeoApp.swift */; };
		183930EB9CC6C46A392574DD /* NeoShare.appex in Embed Foundation Extensions */ = {isa = PBXBuildFile; fileRef = 47078A7D50C0767AD1B9544E /* NeoShare.appex */; platformFilters = (macos, ); settings = {ATTRIBUTES = (RemoveHeadersOnCopy, ); }; };
		2314A1BB992922AD62B2E477 /* WidgetKit.framework in Frameworks */ = {isa = PBXBuildFile; fileRef = 5E220E57022CA2B7EB0FD203 /* WidgetKit.framework */; };
		248DBC4D211229CA18D7B079 /* BundledANE.swift in Sources */ = {isa = PBXBuildFile; fileRef = 334B42F2652061E9832A4410 /* BundledANE.swift */; };
		2668904C7E52D602BD0C6ABF /* NexusConfig.swift in Sources */ = {isa = PBXBuildFile; fileRef = E596680FCB92D58641782D23 /* NexusConfig.swift */; };
		2B9BC0A1DF0BE48BE8AFCF81 /* Assets.xcassets in Resources */ = {isa = PBXBuildFile; fileRef = 97CF4DEE1C0D84FB0133816A /* Assets.xcassets */; };
		3B644CA804D8F0783F6696AA /* PulseConfig.swift in Sources */ = {isa = PBXBuildFile; fileRef = B137A3369CF3DC8269C32453 /* PulseConfig.swift */; };
		3B76FA783180274DC3FF3684 /* PulseWidget.appex in Embed Foundation Extensions */ = {isa = PBXBuildFile; fileRef = BE742AC8F1D736B0152CD64B /* PulseWidget.appex */; settings = {ATTRIBUTES = (RemoveHeadersOnCopy, ); }; };
		3EAC39F660472701B2B3CAAC /* HubApp.swift in Sources */ = {isa = PBXBuildFile; fileRef = 1FC24FF95F7988B14813C430 /* HubApp.swift */; };
		4771993584B814FF8A661A42 /* NexusApp.swift in Sources */ = {isa = PBXBuildFile; fileRef = 2C7F01FD47329725FDFEFBF7 /* NexusApp.swift */; };
		4CAB4D5D7656E5C8BDEB427D /* ANEEmbedCore in Frameworks */ = {isa = PBXBuildFile; platformFilters = (macos, ); productRef = 1A760CF2A55F6C237D98F152 /* ANEEmbedCore */; };
		4D873E55B912A714615E4FCF /* PulseWidget.swift in Sources */ = {isa = PBXBuildFile; fileRef = 935A69762DBD19A005AFE22F /* PulseWidget.swift */; };
		53CA0DD7DC807DAC6EF36E9B /* WidgetKit.framework in Frameworks */ = {isa = PBXBuildFile; fileRef = 5E220E57022CA2B7EB0FD203 /* WidgetKit.framework */; };
		548EF9C7581D38F5E84BCD66 /* OracleKit in Frameworks */ = {isa = PBXBuildFile; productRef = AA25C26D192E25E4550F953D /* OracleKit */; };
		54E3709C28D2D3F941322A12 /* ShareViewController.swift in Sources */ = {isa = PBXBuildFile; fileRef = 0D02737C18CEE930435DDAD1 /* ShareViewController.swift */; };
		59B26BEE9BCEFC70F0E9AEAB /* OracleKit in Frameworks */ = {isa = PBXBuildFile; productRef = B0F5F3BACE628CD6D829BFDE /* OracleKit */; };
		5F73AFB86D0CF89FD12B49E0 /* OracleKit in Frameworks */ = {isa = PBXBuildFile; productRef = 9EB334B6C1B129FB8DF7D118 /* OracleKit */; };
		6ACD97A55E30D1EB01D2493D /* NeoConfig.swift in Sources */ = {isa = PBXBuildFile; fileRef = 4C722827C1DFF0CDB6F2F247 /* NeoConfig.swift */; };
		6E1E55DE03EE6C092E7ED1E6 /* OracleKit in Frameworks */ = {isa = PBXBuildFile; productRef = 4B4657CD7678E1CEC26E7C94 /* OracleKit */; };
		6F8DA303E4A8482015835CB7 /* NexusWidget.swift in Sources */ = {isa = PBXBuildFile; fileRef = B55D288BD45D60C57EC1FD16 /* NexusWidget.swift */; };
		7C447707E6EFA415C2620730 /* Assets.xcassets in Resources */ = {isa = PBXBuildFile; fileRef = 90BF0F508DBC77E53A7F9A0F /* Assets.xcassets */; };
		7E7FEEA734353F7C28425E05 /* Assets.xcassets in Resources */ = {isa = PBXBuildFile; fileRef = 464E48710AE91C739C8B1105 /* Assets.xcassets */; };
		81B740EF69BBBEAB1B99740D /* Assets.xcassets in Resources */ = {isa = PBXBuildFile; fileRef = FE480FFFEE4B266EB37C8F5F /* Assets.xcassets */; };
		8499F93EF566A879CF5EBA84 /* BundledANE.swift in Sources */ = {isa = PBXBuildFile; fileRef = 334B42F2652061E9832A4410 /* BundledANE.swift */; };
		8505E97A8977FEE81E2CB5D9 /* NeoExtras.swift in Sources */ = {isa = PBXBuildFile; fileRef = 85CC7A862B4A57539A3EC547 /* NeoExtras.swift */; };
		85A9367B8DDB37C40B9472FA /* NexusConfig.swift in Sources */ = {isa = PBXBuildFile; fileRef = E596680FCB92D58641782D23 /* NexusConfig.swift */; };
		89201715E26C3A13D0949318 /* PulseApp.swift in Sources */ = {isa = PBXBuildFile; fileRef = 9231C651A42F8ED3C6DF7549 /* PulseApp.swift */; };
		92A18715358F7ABD3A3B9256 /* OracleKit in Frameworks */ = {isa = PBXBuildFile; productRef = 4BC6B464CFBBEF1106689585 /* OracleKit */; };
		97098FAE2CDF70880DBCAAB7 /* NexusWidget.appex in Embed Foundation Extensions */ = {isa = PBXBuildFile; fileRef = 83F5B866C705325F7C2918CF /* NexusWidget.appex */; settings = {ATTRIBUTES = (RemoveHeadersOnCopy, ); }; };
		971E729911F9BD737E91F026 /* NeoConfig.swift in Sources */ = {isa = PBXBuildFile; fileRef = 4C722827C1DFF0CDB6F2F247 /* NeoConfig.swift */; };
		98449831B194C1305DBEB46E /* PulseShare.appex in Embed Foundation Extensions */ = {isa = PBXBuildFile; fileRef = B7C941E4DEF8A26B4C94E87F /* PulseShare.appex */; platformFilters = (macos, ); settings = {ATTRIBUTES = (RemoveHeadersOnCopy, ); }; };
		98C25B7301DD0170F482898B /* NeoWidget.swift in Sources */ = {isa = PBXBuildFile; fileRef = BD99D3EB0C88FD1452416FB0 /* NeoWidget.swift */; };
		99080C841CF90F9DFACA1DF6 /* NexusExtras.swift in Sources */ = {isa = PBXBuildFile; fileRef = 2F0767639C078D6E55BCEA0E /* NexusExtras.swift */; };
		99B36662B6D563E46A5C408C /* ANEEmbedCore in Frameworks */ = {isa = PBXBuildFile; platformFilters = (macos, ); productRef = 21D63CA5B3750EA5A9C21B76 /* ANEEmbedCore */; };
		9D882FA86DFB4F8F73ED7CB6 /* PulseExtras.swift in Sources */ = {isa = PBXBuildFile; fileRef = 1F13410DB812353A44FCE45E /* PulseExtras.swift */; };
		A008A67DBBD278DCF0CBD7BC /* WidgetKit.framework in Frameworks */ = {isa = PBXBuildFile; fileRef = 5E220E57022CA2B7EB0FD203 /* WidgetKit.framework */; };
		A92220ACB1EEA09648D09C9F /* OracleKit in Frameworks */ = {isa = PBXBuildFile; productRef = D8034BE3BE3303D05E137A02 /* OracleKit */; };
		AA2DD123CEF605C9E6C787A3 /* NeoWidget.appex in Embed Foundation Extensions */ = {isa = PBXBuildFile; fileRef = 5EDFE877D27D8F8E8ECC5030 /* NeoWidget.appex */; settings = {ATTRIBUTES = (RemoveHeadersOnCopy, ); }; };
		AA516104F3FF540DCB538557 /* ANEEmbedCore in Frameworks */ = {isa = PBXBuildFile; productRef = E21624C123AE7BFF0CA6252F /* ANEEmbedCore */; };
		BD95A60EDF666B29F5538E29 /* ANEEmbedCore in Frameworks */ = {isa = PBXBuildFile; platformFilters = (macos, ); productRef = BEE0829B4ADE75163F6AD679 /* ANEEmbedCore */; };
		C4E0BD8D0B45870B893A2D5D /* NeoConfig.swift in Sources */ = {isa = PBXBuildFile; fileRef = 4C722827C1DFF0CDB6F2F247 /* NeoConfig.swift */; };
		CF7B1BE232CD2BB414E927AF /* Assets.xcassets in Resources */ = {isa = PBXBuildFile; fileRef = 907F6BD4CB49E2095191A779 /* Assets.xcassets */; };
		D60C5A99551B4457FF12EE32 /* SwiftUI.framework in Frameworks */ = {isa = PBXBuildFile; fileRef = 468221B2146BCBCC791C3B0B /* SwiftUI.framework */; };
		D7511C67943FE37ADACAAAAD /* ShareViewController.swift in Sources */ = {isa = PBXBuildFile; fileRef = DB009D7260C21CFEE11FBF5D /* ShareViewController.swift */; };
		D838E66684EAB34DB1B0B356 /* Assets.xcassets in Resources */ = {isa = PBXBuildFile; fileRef = 03555D2BE97613AFC8E9C4D2 /* Assets.xcassets */; };
		DF81AAE88BAF2C34DC049621 /* BundledANE.swift in Sources */ = {isa = PBXBuildFile; fileRef = 334B42F2652061E9832A4410 /* BundledANE.swift */; };
		E0835DAA39191350E3DB951A /* SwiftUI.framework in Frameworks */ = {isa = PBXBuildFile; fileRef = 468221B2146BCBCC791C3B0B /* SwiftUI.framework */; };
		E237B244B33315B46DB5A310 /* SwiftUI.framework in Frameworks */ = {isa = PBXBuildFile; fileRef = 468221B2146BCBCC791C3B0B /* SwiftUI.framework */; };
		E34688015F45948EA7A17D16 /* BundledANE.swift in Sources */ = {isa = PBXBuildFile; fileRef = 334B42F2652061E9832A4410 /* BundledANE.swift */; };
		E73105C73F8AAB325D00F325 /* PulseConfig.swift in Sources */ = {isa = PBXBuildFile; fileRef = B137A3369CF3DC8269C32453 /* PulseConfig.swift */; };
		E742B9D4AF1468C14735954D /* OracleKit in Frameworks */ = {isa = PBXBuildFile; productRef = FECEC892500CEA279D83D81D /* OracleKit */; };
		EDC954BB53A1938A2913FFC4 /* OracleKit in Frameworks */ = {isa = PBXBuildFile; productRef = 84774326CBC858F01F5A8C1F /* OracleKit */; };
		F37E3C3DF96F6A7393312512 /* ShareViewController.swift in Sources */ = {isa = PBXBuildFile; fileRef = FE26685A1F4C957C3B6A7C53 /* ShareViewController.swift */; };
		FD7A77DBE3B1668A604D354B /* PulseConfig.swift in Sources */ = {isa = PBXBuildFile; fileRef = B137A3369CF3DC8269C32453 /* PulseConfig.swift */; };
		FDFDE290E1111B61F5A1D013 /* OracleKit in Frameworks */ = {isa = PBXBuildFile; productRef = D228F516928AAEE2C39582C7 /* OracleKit */; };
/* End PBXBuildFile section */

/* Begin PBXContainerItemProxy section */
		020BDC657967821B9DC14832 /* PBXContainerItemProxy */ = {
			isa = PBXContainerItemProxy;
			containerPortal = 430DB4AF39A44099EA106CF8 /* Project object */;
			proxyType = 1;
			remoteGlobalIDString = 0B340EA5EB290CE723DAF822;
			remoteInfo = NexusShare;
		};
		099B5D9E1FCF5B0C0A090AEB /* PBXContainerItemProxy */ = {
			isa = PBXContainerItemProxy;
			containerPortal = 430DB4AF39A44099EA106CF8 /* Project object */;
			proxyType = 1;
			remoteGlobalIDString = DA9655DA8312A36373D2632A;
			remoteInfo = PulseShare;
		};
		0A143AA29BF2AB14D5BDF335 /* PBXContainerItemProxy */ = {
			isa = PBXContainerItemProxy;
			containerPortal = 430DB4AF39A44099EA106CF8 /* Project object */;
			proxyType = 1;
			remoteGlobalIDString = 01CF40E90577B244E67480F2;
			remoteInfo = NeoWidget;
		};
		11C2E4B2C1E2B28C07E5FB39 /* PBXContainerItemProxy */ = {
			isa = PBXContainerItemProxy;
			containerPortal = 430DB4AF39A44099EA106CF8 /* Project object */;
			proxyType = 1;
			remoteGlobalIDString = 9EC664F778F344E25A6035DF;
			remoteInfo = NeoShare;
		};
		94212C719841CD3C4694701C /* PBXContainerItemProxy */ = {
			isa = PBXContainerItemProxy;
			containerPortal = 430DB4AF39A44099EA106CF8 /* Project object */;
			proxyType = 1;
			remoteGlobalIDString = DBA79B4153688EFC969DDF98;
			remoteInfo = NexusWidget;
		};
		9BC6479CE848CFC6FC810E5C /* PBXContainerItemProxy */ = {
			isa = PBXContainerItemProxy;
			containerPortal = 430DB4AF39A44099EA106CF8 /* Project object */;
			proxyType = 1;
			remoteGlobalIDString = 19EE540E3E022009C36A99F1;
			remoteInfo = PulseWidget;
		};
/* End PBXContainerItemProxy section */

/* Begin PBXCopyFilesBuildPhase section */
		22BC0855871B0BB4BDAEFC19 /* Embed Foundation Extensions */ = {
			isa = PBXCopyFilesBuildPhase;
			buildActionMask = 2147483647;
			dstPath = "";
			dstSubfolderSpec = 13;
			files = (
				97098FAE2CDF70880DBCAAB7 /* NexusWidget.appex in Embed Foundation Extensions */,
				0E2BA2D4130B1BF12FFE5AAA /* NexusShare.appex in Embed Foundation Extensions */,
			);
			name = "Embed Foundation Extensions";
			runOnlyForDeploymentPostprocessing = 0;
		};
		5D7DEB7C7D9ACCE9D8711503 /* Embed Foundation Extensions */ = {
			isa = PBXCopyFilesBuildPhase;
			buildActionMask = 2147483647;
			dstPath = "";
			dstSubfolderSpec = 13;
			files = (
				3B76FA783180274DC3FF3684 /* PulseWidget.appex in Embed Foundation Extensions */,
				98449831B194C1305DBEB46E /* PulseShare.appex in Embed Foundation Extensions */,
			);
			name = "Embed Foundation Extensions";
			runOnlyForDeploymentPostprocessing = 0;
		};
		F541F9E4919C358A6F795CA4 /* Embed Foundation Extensions */ = {
			isa = PBXCopyFilesBuildPhase;
			buildActionMask = 2147483647;
			dstPath = "";
			dstSubfolderSpec = 13;
			files = (
				AA2DD123CEF605C9E6C787A3 /* NeoWidget.appex in Embed Foundation Extensions */,
				183930EB9CC6C46A392574DD /* NeoShare.appex in Embed Foundation Extensions */,
			);
			name = "Embed Foundation Extensions";
			runOnlyForDeploymentPostprocessing = 0;
		};
/* End PBXCopyFilesBuildPhase section */

/* Begin PBXFileReference section */
		03555D2BE97613AFC8E9C4D2 /* Assets.xcassets */ = {isa = PBXFileReference; lastKnownFileType = folder.assetcatalog; path = Assets.xcassets; sourceTree = "<group>"; };
		0D02737C18CEE930435DDAD1 /* ShareViewController.swift */ = {isa = PBXFileReference; lastKnownFileType = sourcecode.swift; path = ShareViewController.swift; sourceTree = "<group>"; };
		1F13410DB812353A44FCE45E /* PulseExtras.swift */ = {isa = PBXFileReference; lastKnownFileType = sourcecode.swift; path = PulseExtras.swift; sourceTree = "<group>"; };
		1FC24FF95F7988B14813C430 /* HubApp.swift */ = {isa = PBXFileReference; lastKnownFileType = sourcecode.swift; path = HubApp.swift; sourceTree = "<group>"; };
		2C7F01FD47329725FDFEFBF7 /* NexusApp.swift */ = {isa = PBXFileReference; lastKnownFileType = sourcecode.swift; path = NexusApp.swift; sourceTree = "<group>"; };
		2F0767639C078D6E55BCEA0E /* NexusExtras.swift */ = {isa = PBXFileReference; lastKnownFileType = sourcecode.swift; path = NexusExtras.swift; sourceTree = "<group>"; };
		334B42F2652061E9832A4410 /* BundledANE.swift */ = {isa = PBXFileReference; lastKnownFileType = sourcecode.swift; path = BundledANE.swift; sourceTree = "<group>"; };
		33D307D5CF34490C5E34FD95 /* Neo.app */ = {isa = PBXFileReference; includeInIndex = 0; lastKnownFileType = wrapper.application; path = Neo.app; sourceTree = BUILT_PRODUCTS_DIR; };
		35FAA94347FA173BC06C86F8 /* NexusShare.appex */ = {isa = PBXFileReference; includeInIndex = 0; lastKnownFileType = "wrapper.app-extension"; path = NexusShare.appex; sourceTree = BUILT_PRODUCTS_DIR; };
		3D0E66039AC6C174A076DB9F /* Oracles.app */ = {isa = PBXFileReference; includeInIndex = 0; lastKnownFileType = wrapper.application; path = Oracles.app; sourceTree = BUILT_PRODUCTS_DIR; };
		464E48710AE91C739C8B1105 /* Assets.xcassets */ = {isa = PBXFileReference; lastKnownFileType = folder.assetcatalog; path = Assets.xcassets; sourceTree = "<group>"; };
		468221B2146BCBCC791C3B0B /* SwiftUI.framework */ = {isa = PBXFileReference; lastKnownFileType = wrapper.framework; name = SwiftUI.framework; path = System/Library/Frameworks/SwiftUI.framework; sourceTree = SDKROOT; };
		47078A7D50C0767AD1B9544E /* NeoShare.appex */ = {isa = PBXFileReference; includeInIndex = 0; lastKnownFileType = "wrapper.app-extension"; path = NeoShare.appex; sourceTree = BUILT_PRODUCTS_DIR; };
		4C722827C1DFF0CDB6F2F247 /* NeoConfig.swift */ = {isa = PBXFileReference; lastKnownFileType = sourcecode.swift; path = NeoConfig.swift; sourceTree = "<group>"; };
		5E220E57022CA2B7EB0FD203 /* WidgetKit.framework */ = {isa = PBXFileReference; lastKnownFileType = wrapper.framework; name = WidgetKit.framework; path = System/Library/Frameworks/WidgetKit.framework; sourceTree = SDKROOT; };
		5EDFE877D27D8F8E8ECC5030 /* NeoWidget.appex */ = {isa = PBXFileReference; includeInIndex = 0; lastKnownFileType = "wrapper.app-extension"; path = NeoWidget.appex; sourceTree = BUILT_PRODUCTS_DIR; };
		83F5B866C705325F7C2918CF /* NexusWidget.appex */ = {isa = PBXFileReference; includeInIndex = 0; lastKnownFileType = "wrapper.app-extension"; path = NexusWidget.appex; sourceTree = BUILT_PRODUCTS_DIR; };
		85CC7A862B4A57539A3EC547 /* NeoExtras.swift */ = {isa = PBXFileReference; lastKnownFileType = sourcecode.swift; path = NeoExtras.swift; sourceTree = "<group>"; };
		907F6BD4CB49E2095191A779 /* Assets.xcassets */ = {isa = PBXFileReference; lastKnownFileType = folder.assetcatalog; path = Assets.xcassets; sourceTree = "<group>"; };
		90BF0F508DBC77E53A7F9A0F /* Assets.xcassets */ = {isa = PBXFileReference; lastKnownFileType = folder.assetcatalog; path = Assets.xcassets; sourceTree = "<group>"; };
		9231C651A42F8ED3C6DF7549 /* PulseApp.swift */ = {isa = PBXFileReference; lastKnownFileType = sourcecode.swift; path = PulseApp.swift; sourceTree = "<group>"; };
		935A69762DBD19A005AFE22F /* PulseWidget.swift */ = {isa = PBXFileReference; lastKnownFileType = sourcecode.swift; path = PulseWidget.swift; sourceTree = "<group>"; };
		9747F85F8B3132BD641525AE /* Assets.xcassets */ = {isa = PBXFileReference; lastKnownFileType = folder.assetcatalog; path = Assets.xcassets; sourceTree = "<group>"; };
		97CF4DEE1C0D84FB0133816A /* Assets.xcassets */ = {isa = PBXFileReference; lastKnownFileType = folder.assetcatalog; path = Assets.xcassets; sourceTree = "<group>"; };
		AB9292953362D8EFB6FE8DE2 /* ANEEmbed */ = {isa = PBXFileReference; lastKnownFileType = folder; name = ANEEmbed; path = ANEEmbed; sourceTree = SOURCE_ROOT; };
		B137A3369CF3DC8269C32453 /* PulseConfig.swift */ = {isa = PBXFileReference; lastKnownFileType = sourcecode.swift; path = PulseConfig.swift; sourceTree = "<group>"; };
		B530CFD74615840D1FD21D61 /* Pulse.app */ = {isa = PBXFileReference; includeInIndex = 0; lastKnownFileType = wrapper.application; path = Pulse.app; sourceTree = BUILT_PRODUCTS_DIR; };
		B55D288BD45D60C57EC1FD16 /* NexusWidget.swift */ = {isa = PBXFileReference; lastKnownFileType = sourcecode.swift; path = NexusWidget.swift; sourceTree = "<group>"; };
		B7C941E4DEF8A26B4C94E87F /* PulseShare.appex */ = {isa = PBXFileReference; includeInIndex = 0; lastKnownFileType = "wrapper.app-extension"; path = PulseShare.appex; sourceTree = BUILT_PRODUCTS_DIR; };
		BD99D3EB0C88FD1452416FB0 /* NeoWidget.swift */ = {isa = PBXFileReference; lastKnownFileType = sourcecode.swift; path = NeoWidget.swift; sourceTree = "<group>"; };
		BE742AC8F1D736B0152CD64B /* PulseWidget.appex */ = {isa = PBXFileReference; includeInIndex = 0; lastKnownFileType = "wrapper.app-extension"; path = PulseWidget.appex; sourceTree = BUILT_PRODUCTS_DIR; };
		D4532687283B94E464FAF092 /* Nexus.app */ = {isa = PBXFileReference; includeInIndex = 0; lastKnownFileType = wrapper.application; path = Nexus.app; sourceTree = BUILT_PRODUCTS_DIR; };
		DB009D7260C21CFEE11FBF5D /* ShareViewController.swift */ = {isa = PBXFileReference; lastKnownFileType = sourcecode.swift; path = ShareViewController.swift; sourceTree = "<group>"; };
		E596680FCB92D58641782D23 /* NexusConfig.swift */ = {isa = PBXFileReference; lastKnownFileType = sourcecode.swift; path = NexusConfig.swift; sourceTree = "<group>"; };
		E6B04B136F929B594FC6EF73 /* OracleKit */ = {isa = PBXFileReference; lastKnownFileType = folder; name = OracleKit; path = OracleKit; sourceTree = SOURCE_ROOT; };
		FA7B638D3B556C915C153B1E /* NeoApp.swift */ = {isa = PBXFileReference; lastKnownFileType = sourcecode.swift; path = NeoApp.swift; sourceTree = "<group>"; };
		FE26685A1F4C957C3B6A7C53 /* ShareViewController.swift */ = {isa = PBXFileReference; lastKnownFileType = sourcecode.swift; path = ShareViewController.swift; sourceTree = "<group>"; };
		FE480FFFEE4B266EB37C8F5F /* Assets.xcassets */ = {isa = PBXFileReference; lastKnownFileType = folder.assetcatalog; path = Assets.xcassets; sourceTree = "<group>"; };
/* End PBXFileReference section */

/* Begin PBXFrameworksBuildPhase section */
		2B07F1976DCD80EC3F78A307 /* Frameworks */ = {
			isa = PBXFrameworksBuildPhase;
			buildActionMask = 2147483647;
			files = (
				548EF9C7581D38F5E84BCD66 /* OracleKit in Frameworks */,
				4CAB4D5D7656E5C8BDEB427D /* ANEEmbedCore in Frameworks */,
			);
			runOnlyForDeploymentPostprocessing = 0;
		};
		76DDC45B0E5FB3543A5B1ABA /* Frameworks */ = {
			isa = PBXFrameworksBuildPhase;
			buildActionMask = 2147483647;
			files = (
				59B26BEE9BCEFC70F0E9AEAB /* OracleKit in Frameworks */,
				BD95A60EDF666B29F5538E29 /* ANEEmbedCore in Frameworks */,
			);
			runOnlyForDeploymentPostprocessing = 0;
		};
		9370EBE1B3AD068CFB2E98E0 /* Frameworks */ = {
			isa = PBXFrameworksBuildPhase;
			buildActionMask = 2147483647;
			files = (
				EDC954BB53A1938A2913FFC4 /* OracleKit in Frameworks */,
				AA516104F3FF540DCB538557 /* ANEEmbedCore in Frameworks */,
			);
			runOnlyForDeploymentPostprocessing = 0;
		};
		93D2C7785CB40242C2F5BBB5 /* Frameworks */ = {
			isa = PBXFrameworksBuildPhase;
			buildActionMask = 2147483647;
			files = (
				6E1E55DE03EE6C092E7ED1E6 /* OracleKit in Frameworks */,
				53CA0DD7DC807DAC6EF36E9B /* WidgetKit.framework in Frameworks */,
				E237B244B33315B46DB5A310 /* SwiftUI.framework in Frameworks */,
			);
			runOnlyForDeploymentPostprocessing = 0;
		};
		9628DF4DC38625536E4DA480 /* Frameworks */ = {
			isa = PBXFrameworksBuildPhase;
			buildActionMask = 2147483647;
			files = (
				92A18715358F7ABD3A3B9256 /* OracleKit in Frameworks */,
				2314A1BB992922AD62B2E477 /* WidgetKit.framework in Frameworks */,
				E0835DAA39191350E3DB951A /* SwiftUI.framework in Frameworks */,
			);
			runOnlyForDeploymentPostprocessing = 0;
		};
		975FC034CB1B3C7BDFFED236 /* Frameworks */ = {
			isa = PBXFrameworksBuildPhase;
			buildActionMask = 2147483647;
			files = (
				0B250C1843C4CAF984D3C87F /* OracleKit in Frameworks */,
			);
			runOnlyForDeploymentPostprocessing = 0;
		};
		D0975524617156F53C74D696 /* Frameworks */ = {
			isa = PBXFrameworksBuildPhase;
			buildActionMask = 2147483647;
			files = (
				E742B9D4AF1468C14735954D /* OracleKit in Frameworks */,
			);
			runOnlyForDeploymentPostprocessing = 0;
		};
		D6B7AC7A174D8DA4AFB95F45 /* Frameworks */ = {
			isa = PBXFrameworksBuildPhase;
			buildActionMask = 2147483647;
			files = (
				FDFDE290E1111B61F5A1D013 /* OracleKit in Frameworks */,
			);
			runOnlyForDeploymentPostprocessing = 0;
		};
		DFCE1F7D865A8DEE74B406FB /* Frameworks */ = {
			isa = PBXFrameworksBuildPhase;
			buildActionMask = 2147483647;
			files = (
				5F73AFB86D0CF89FD12B49E0 /* OracleKit in Frameworks */,
				99B36662B6D563E46A5C408C /* ANEEmbedCore in Frameworks */,
			);
			runOnlyForDeploymentPostprocessing = 0;
		};
		EBC875A5A30813481BAABA83 /* Frameworks */ = {
			isa = PBXFrameworksBuildPhase;
			buildActionMask = 2147483647;
			files = (
				A92220ACB1EEA09648D09C9F /* OracleKit in Frameworks */,
				A008A67DBBD278DCF0CBD7BC /* WidgetKit.framework in Frameworks */,
				D60C5A99551B4457FF12EE32 /* SwiftUI.framework in Frameworks */,
			);
			runOnlyForDeploymentPostprocessing = 0;
		};
/* End PBXFrameworksBuildPhase section */

/* Begin PBXGroup section */
		01EF82A534256DBDA533DB95 /* Widget */ = {
			isa = PBXGroup;
			children = (
				907F6BD4CB49E2095191A779 /* Assets.xcassets */,
				935A69762DBD19A005AFE22F /* PulseWidget.swift */,
			);
			name = Widget;
			path = Apps/Pulse/Widget;
			sourceTree = "<group>";
		};
		0384E88409B511A572982525 /* Share */ = {
			isa = PBXGroup;
			children = (
				0D02737C18CEE930435DDAD1 /* ShareViewController.swift */,
			);
			name = Share;
			path = Apps/Pulse/Share;
			sourceTree = "<group>";
		};
		072B09D458817296196F9E72 /* Frameworks */ = {
			isa = PBXGroup;
			children = (
				468221B2146BCBCC791C3B0B /* SwiftUI.framework */,
				5E220E57022CA2B7EB0FD203 /* WidgetKit.framework */,
			);
			name = Frameworks;
			sourceTree = "<group>";
		};
		1A5B5B4F634938D87A244AA9 /* Pulse */ = {
			isa = PBXGroup;
			children = (
				97CF4DEE1C0D84FB0133816A /* Assets.xcassets */,
				9231C651A42F8ED3C6DF7549 /* PulseApp.swift */,
				B137A3369CF3DC8269C32453 /* PulseConfig.swift */,
				1F13410DB812353A44FCE45E /* PulseExtras.swift */,
			);
			name = Pulse;
			path = Apps/Pulse;
			sourceTree = "<group>";
		};
		1A856B3A3480E3528CFF4233 /* Packages */ = {
			isa = PBXGroup;
			children = (
				AB9292953362D8EFB6FE8DE2 /* ANEEmbed */,
				E6B04B136F929B594FC6EF73 /* OracleKit */,
			);
			name = Packages;
			sourceTree = "<group>";
		};
		2F52D47C54D9F3881D771C25 /* Shared */ = {
			isa = PBXGroup;
			children = (
				334B42F2652061E9832A4410 /* BundledANE.swift */,
			);
			name = Shared;
			path = Apps/Shared;
			sourceTree = "<group>";
		};
		3F531203EF9C81FB862684E9 = {
			isa = PBXGroup;
			children = (
				A918F7E796C546502FC59506 /* Hub */,
				79EA5A1B63E63D54532633FF /* Neo */,
				47651820CEB16DF156C79410 /* Nexus */,
				1A856B3A3480E3528CFF4233 /* Packages */,
				1A5B5B4F634938D87A244AA9 /* Pulse */,
				7B49B58220D073276B787D0B /* Share */,
				B328325CAB29F20534286946 /* Share */,
				0384E88409B511A572982525 /* Share */,
				2F52D47C54D9F3881D771C25 /* Shared */,
				F838466B268DCCACEA2010A0 /* Widget */,
				FFE632A0E473818E54EAD582 /* Widget */,
				01EF82A534256DBDA533DB95 /* Widget */,
				072B09D458817296196F9E72 /* Frameworks */,
				4B3911DA704ADFCF590622F2 /* Products */,
			);
			sourceTree = "<group>";
		};
		47651820CEB16DF156C79410 /* Nexus */ = {
			isa = PBXGroup;
			children = (
				FE480FFFEE4B266EB37C8F5F /* Assets.xcassets */,
				2C7F01FD47329725FDFEFBF7 /* NexusApp.swift */,
				E596680FCB92D58641782D23 /* NexusConfig.swift */,
				2F0767639C078D6E55BCEA0E /* NexusExtras.swift */,
			);
			name = Nexus;
			path = Apps/Nexus;
			sourceTree = "<group>";
		};
		4B3911DA704ADFCF590622F2 /* Products */ = {
			isa = PBXGroup;
			children = (
				33D307D5CF34490C5E34FD95 /* Neo.app */,
				47078A7D50C0767AD1B9544E /* NeoShare.appex */,
				5EDFE877D27D8F8E8ECC5030 /* NeoWidget.appex */,
				D4532687283B94E464FAF092 /* Nexus.app */,
				35FAA94347FA173BC06C86F8 /* NexusShare.appex */,
				83F5B866C705325F7C2918CF /* NexusWidget.appex */,
				3D0E66039AC6C174A076DB9F /* Oracles.app */,
				B530CFD74615840D1FD21D61 /* Pulse.app */,
				B7C941E4DEF8A26B4C94E87F /* PulseShare.appex */,
				BE742AC8F1D736B0152CD64B /* PulseWidget.appex */,
			);
			name = Products;
			sourceTree = "<group>";
		};
		79EA5A1B63E63D54532633FF /* Neo */ = {
			isa = PBXGroup;
			children = (
				9747F85F8B3132BD641525AE /* Assets.xcassets */,
				FA7B638D3B556C915C153B1E /* NeoApp.swift */,
				4C722827C1DFF0CDB6F2F247 /* NeoConfig.swift */,
				85CC7A862B4A57539A3EC547 /* NeoExtras.swift */,
			);
			name = Neo;
			path = Apps/Neo;
			sourceTree = "<group>";
		};
		7B49B58220D073276B787D0B /* Share */ = {
			isa = PBXGroup;
			children = (
				DB009D7260C21CFEE11FBF5D /* ShareViewController.swift */,
			);
			name = Share;
			path = Apps/Neo/Share;
			sourceTree = "<group>";
		};
		A918F7E796C546502FC59506 /* Hub */ = {
			isa = PBXGroup;
			children = (
				464E48710AE91C739C8B1105 /* Assets.xcassets */,
				1FC24FF95F7988B14813C430 /* HubApp.swift */,
			);
			name = Hub;
			path = Apps/Hub;
			sourceTree = "<group>";
		};
		B328325CAB29F20534286946 /* Share */ = {
			isa = PBXGroup;
			children = (
				FE26685A1F4C957C3B6A7C53 /* ShareViewController.swift */,
			);
			name = Share;
			path = Apps/Nexus/Share;
			sourceTree = "<group>";
		};
		F838466B268DCCACEA2010A0 /* Widget */ = {
			isa = PBXGroup;
			children = (
				90BF0F508DBC77E53A7F9A0F /* Assets.xcassets */,
				BD99D3EB0C88FD1452416FB0 /* NeoWidget.swift */,
			);
			name = Widget;
			path = Apps/Neo/Widget;
			sourceTree = "<group>";
		};
		FFE632A0E473818E54EAD582 /* Widget */ = {
			isa = PBXGroup;
			children = (
				03555D2BE97613AFC8E9C4D2 /* Assets.xcassets */,
				B55D288BD45D60C57EC1FD16 /* NexusWidget.swift */,
			);
			name = Widget;
			path = Apps/Nexus/Widget;
			sourceTree = "<group>";
		};
/* End PBXGroup section */

/* Begin PBXNativeTarget section */
		01CF40E90577B244E67480F2 /* NeoWidget */ = {
			isa = PBXNativeTarget;
			buildConfigurationList = A18DA8942974B8E3D08FE873 /* Build configuration list for PBXNativeTarget "NeoWidget" */;
			buildPhases = (
				DA9DF48BAA5BE8C6647B2424 /* Sources */,
				4A5F5316769E356FF35B231E /* Resources */,
				93D2C7785CB40242C2F5BBB5 /* Frameworks */,
			);
			buildRules = (
			);
			dependencies = (
			);
			name = NeoWidget;
			packageProductDependencies = (
				4B4657CD7678E1CEC26E7C94 /* OracleKit */,
			);
			productName = NeoWidget;
			productReference = 5EDFE877D27D8F8E8ECC5030 /* NeoWidget.appex */;
			productType = "com.apple.product-type.app-extension";
		};
		0B340EA5EB290CE723DAF822 /* NexusShare */ = {
			isa = PBXNativeTarget;
			buildConfigurationList = 1E38A697F8EF24E15AC5AAE1 /* Build configuration list for PBXNativeTarget "NexusShare" */;
			buildPhases = (
				57F7BCC8DE25AEFCDF2F5069 /* Sources */,
				975FC034CB1B3C7BDFFED236 /* Frameworks */,
			);
			buildRules = (
			);
			dependencies = (
			);
			name = NexusShare;
			packageProductDependencies = (
				BF28BFF93E30F2016054C7FC /* OracleKit */,
			);
			productName = NexusShare;
			productReference = 35FAA94347FA173BC06C86F8 /* NexusShare.appex */;
			productType = "com.apple.product-type.app-extension";
		};
		19EE540E3E022009C36A99F1 /* PulseWidget */ = {
			isa = PBXNativeTarget;
			buildConfigurationList = B30B2EDE950C065FEAABC334 /* Build configuration list for PBXNativeTarget "PulseWidget" */;
			buildPhases = (
				57DCBADD2F9B5D6EEE8D5005 /* Sources */,
				022E820BF862913217552C98 /* Resources */,
				9628DF4DC38625536E4DA480 /* Frameworks */,
			);
			buildRules = (
			);
			dependencies = (
			);
			name = PulseWidget;
			packageProductDependencies = (
				4BC6B464CFBBEF1106689585 /* OracleKit */,
			);
			productName = PulseWidget;
			productReference = BE742AC8F1D736B0152CD64B /* PulseWidget.appex */;
			productType = "com.apple.product-type.app-extension";
		};
		6EE9931880511398B434CF6B /* Oracles */ = {
			isa = PBXNativeTarget;
			buildConfigurationList = 25B61C78DECE11D0BE24B0D3 /* Build configuration list for PBXNativeTarget "Oracles" */;
			buildPhases = (
				13A1B5C59AD33A216AEDD380 /* Build the tokenizer (Rust) */,
				FCE075EFF97A8FADBDF224A3 /* Sources */,
				0A91573CCB3A7F4520702A90 /* Resources */,
				9370EBE1B3AD068CFB2E98E0 /* Frameworks */,
				81AA95EB6E06BB803C0045AA /* Bundle the ANE model */,
				41A9AD718F4603DEE6D82949 /* Stamp CalVer */,
			);
			buildRules = (
			);
			dependencies = (
			);
			name = Oracles;
			packageProductDependencies = (
				84774326CBC858F01F5A8C1F /* OracleKit */,
				E21624C123AE7BFF0CA6252F /* ANEEmbedCore */,
			);
			productName = Oracles;
			productReference = 3D0E66039AC6C174A076DB9F /* Oracles.app */;
			productType = "com.apple.product-type.application";
		};
		9EC664F778F344E25A6035DF /* NeoShare */ = {
			isa = PBXNativeTarget;
			buildConfigurationList = 589303ABA1D2D9F2BA20231D /* Build configuration list for PBXNativeTarget "NeoShare" */;
			buildPhases = (
				2C41809D19F74310392F3049 /* Sources */,
				D0975524617156F53C74D696 /* Frameworks */,
			);
			buildRules = (
			);
			dependencies = (
			);
			name = NeoShare;
			packageProductDependencies = (
				FECEC892500CEA279D83D81D /* OracleKit */,
			);
			productName = NeoShare;
			productReference = 47078A7D50C0767AD1B9544E /* NeoShare.appex */;
			productType = "com.apple.product-type.app-extension";
		};
		C99D203A30114884D4BB548A /* Nexus */ = {
			isa = PBXNativeTarget;
			buildConfigurationList = 22492E9F4AAF37EBB0575612 /* Build configuration list for PBXNativeTarget "Nexus" */;
			buildPhases = (
				C9A394073FF9F8D5F269A650 /* Build the tokenizer (Rust) */,
				198D1CFD92F8BB0B1BE14374 /* Sources */,
				49B200A1892D9E588DCE8DA8 /* Resources */,
				76DDC45B0E5FB3543A5B1ABA /* Frameworks */,
				22BC0855871B0BB4BDAEFC19 /* Embed Foundation Extensions */,
				8BD445D50AD8C893B67928C2 /* Stamp CalVer */,
			);
			buildRules = (
			);
			dependencies = (
				25BA7D1429D8E4A9D33200DC /* PBXTargetDependency */,
				214813755916FDF9DAB2BBAB /* PBXTargetDependency */,
			);
			name = Nexus;
			packageProductDependencies = (
				B0F5F3BACE628CD6D829BFDE /* OracleKit */,
				BEE0829B4ADE75163F6AD679 /* ANEEmbedCore */,
			);
			productName = Nexus;
			productReference = D4532687283B94E464FAF092 /* Nexus.app */;
			productType = "com.apple.product-type.application";
		};
		DA9655DA8312A36373D2632A /* PulseShare */ = {
			isa = PBXNativeTarget;
			buildConfigurationList = BDC08FDCE6440C95B1B73EEE /* Build configuration list for PBXNativeTarget "PulseShare" */;
			buildPhases = (
				BFE6C4030E63FB39B7303ACF /* Sources */,
				D6B7AC7A174D8DA4AFB95F45 /* Frameworks */,
			);
			buildRules = (
			);
			dependencies = (
			);
			name = PulseShare;
			packageProductDependencies = (
				D228F516928AAEE2C39582C7 /* OracleKit */,
			);
			productName = PulseShare;
			productReference = B7C941E4DEF8A26B4C94E87F /* PulseShare.appex */;
			productType = "com.apple.product-type.app-extension";
		};
		DBA79B4153688EFC969DDF98 /* NexusWidget */ = {
			isa = PBXNativeTarget;
			buildConfigurationList = C708E339E107C8108031F8DE /* Build configuration list for PBXNativeTarget "NexusWidget" */;
			buildPhases = (
				D5C5193115A84A5B6B26EF07 /* Sources */,
				6E97DA5AEE51272CD44CBAE9 /* Resources */,
				EBC875A5A30813481BAABA83 /* Frameworks */,
			);
			buildRules = (
			);
			dependencies = (
			);
			name = NexusWidget;
			packageProductDependencies = (
				D8034BE3BE3303D05E137A02 /* OracleKit */,
			);
			productName = NexusWidget;
			productReference = 83F5B866C705325F7C2918CF /* NexusWidget.appex */;
			productType = "com.apple.product-type.app-extension";
		};
		EA29C873AC2286317DA38636 /* Pulse */ = {
			isa = PBXNativeTarget;
			buildConfigurationList = 74122D6D08CE988E50D6054B /* Build configuration list for PBXNativeTarget "Pulse" */;
			buildPhases = (
				9D05EE252D6D55BA5FD511A1 /* Build the tokenizer (Rust) */,
				905E73BA18FA674646DF865F /* Sources */,
				733D3F43D088BC304A4E2534 /* Resources */,
				2B07F1976DCD80EC3F78A307 /* Frameworks */,
				5D7DEB7C7D9ACCE9D8711503 /* Embed Foundation Extensions */,
				1983416334F26A798A2ED93F /* Stamp CalVer */,
			);
			buildRules = (
			);
			dependencies = (
				F7E0EBFB87FA7EBF98C4E5C8 /* PBXTargetDependency */,
				44F34CBB47421F978E675D25 /* PBXTargetDependency */,
			);
			name = Pulse;
			packageProductDependencies = (
				AA25C26D192E25E4550F953D /* OracleKit */,
				1A760CF2A55F6C237D98F152 /* ANEEmbedCore */,
			);
			productName = Pulse;
			productReference = B530CFD74615840D1FD21D61 /* Pulse.app */;
			productType = "com.apple.product-type.application";
		};
		F4C43E59E3D089F341776040 /* Neo */ = {
			isa = PBXNativeTarget;
			buildConfigurationList = 41A40E1DD68DBC6E94C53362 /* Build configuration list for PBXNativeTarget "Neo" */;
			buildPhases = (
				57B839A3031387EC14A87ED7 /* Build the tokenizer (Rust) */,
				F64C101027A592994D8188C3 /* Sources */,
				CA52D00317CC60335AE4136E /* Resources */,
				DFCE1F7D865A8DEE74B406FB /* Frameworks */,
				F541F9E4919C358A6F795CA4 /* Embed Foundation Extensions */,
				0C2CA49383C809AE54CFEADD /* Stamp CalVer */,
			);
			buildRules = (
			);
			dependencies = (
				643EFF85B4AE6367F0B47C4C /* PBXTargetDependency */,
				F4AD72B2B5A0089245802712 /* PBXTargetDependency */,
			);
			name = Neo;
			packageProductDependencies = (
				9EB334B6C1B129FB8DF7D118 /* OracleKit */,
				21D63CA5B3750EA5A9C21B76 /* ANEEmbedCore */,
			);
			productName = Neo;
			productReference = 33D307D5CF34490C5E34FD95 /* Neo.app */;
			productType = "com.apple.product-type.application";
		};
/* End PBXNativeTarget section */

/* Begin PBXProject section */
		430DB4AF39A44099EA106CF8 /* Project object */ = {
			isa = PBXProject;
			attributes = {
				BuildIndependentTargetsInParallel = YES;
				LastUpgradeCheck = 1430;
				TargetAttributes = {
					01CF40E90577B244E67480F2 = {
						DevelopmentTeam = 6K28WEXX78;
						ProvisioningStyle = Automatic;
					};
					0B340EA5EB290CE723DAF822 = {
						DevelopmentTeam = 6K28WEXX78;
						ProvisioningStyle = Automatic;
					};
					19EE540E3E022009C36A99F1 = {
						DevelopmentTeam = 6K28WEXX78;
						ProvisioningStyle = Automatic;
					};
					6EE9931880511398B434CF6B = {
						DevelopmentTeam = 6K28WEXX78;
						ProvisioningStyle = Automatic;
					};
					9EC664F778F344E25A6035DF = {
						DevelopmentTeam = 6K28WEXX78;
						ProvisioningStyle = Automatic;
					};
					C99D203A30114884D4BB548A = {
						DevelopmentTeam = 6K28WEXX78;
						ProvisioningStyle = Automatic;
					};
					DA9655DA8312A36373D2632A = {
						DevelopmentTeam = 6K28WEXX78;
						ProvisioningStyle = Automatic;
					};
					DBA79B4153688EFC969DDF98 = {
						DevelopmentTeam = 6K28WEXX78;
						ProvisioningStyle = Automatic;
					};
					EA29C873AC2286317DA38636 = {
						DevelopmentTeam = 6K28WEXX78;
						ProvisioningStyle = Automatic;
					};
					F4C43E59E3D089F341776040 = {
						DevelopmentTeam = 6K28WEXX78;
						ProvisioningStyle = Automatic;
					};
				};
			};
			buildConfigurationList = 64FB300109F284BE4D151BF5 /* Build configuration list for PBXProject "OracleApps" */;
			developmentRegion = en;
			hasScannedForEncodings = 0;
			knownRegions = (
				Base,
				en,
			);
			mainGroup = 3F531203EF9C81FB862684E9;
			minimizedProjectReferenceProxies = 1;
			packageReferences = (
				1CB57D1B9DF86679A25DB009 /* XCLocalSwiftPackageReference "ANEEmbed" */,
				294EE4DEF81BAF52228E424F /* XCLocalSwiftPackageReference "OracleKit" */,
			);
			preferredProjectObjectVersion = 77;
			productRefGroup = 4B3911DA704ADFCF590622F2 /* Products */;
			projectDirPath = "";
			projectRoot = "";
			targets = (
				F4C43E59E3D089F341776040 /* Neo */,
				9EC664F778F344E25A6035DF /* NeoShare */,
				01CF40E90577B244E67480F2 /* NeoWidget */,
				C99D203A30114884D4BB548A /* Nexus */,
				0B340EA5EB290CE723DAF822 /* NexusShare */,
				DBA79B4153688EFC969DDF98 /* NexusWidget */,
				6EE9931880511398B434CF6B /* Oracles */,
				EA29C873AC2286317DA38636 /* Pulse */,
				DA9655DA8312A36373D2632A /* PulseShare */,
				19EE540E3E022009C36A99F1 /* PulseWidget */,
			);
		};
/* End PBXProject section */

/* Begin PBXResourcesBuildPhase section */
		022E820BF862913217552C98 /* Resources */ = {
			isa = PBXResourcesBuildPhase;
			buildActionMask = 2147483647;
			files = (
				CF7B1BE232CD2BB414E927AF /* Assets.xcassets in Resources */,
			);
			runOnlyForDeploymentPostprocessing = 0;
		};
		0A91573CCB3A7F4520702A90 /* Resources */ = {
			isa = PBXResourcesBuildPhase;
			buildActionMask = 2147483647;
			files = (
				7E7FEEA734353F7C28425E05 /* Assets.xcassets in Resources */,
			);
			runOnlyForDeploymentPostprocessing = 0;
		};
		49B200A1892D9E588DCE8DA8 /* Resources */ = {
			isa = PBXResourcesBuildPhase;
			buildActionMask = 2147483647;
			files = (
				81B740EF69BBBEAB1B99740D /* Assets.xcassets in Resources */,
			);
			runOnlyForDeploymentPostprocessing = 0;
		};
		4A5F5316769E356FF35B231E /* Resources */ = {
			isa = PBXResourcesBuildPhase;
			buildActionMask = 2147483647;
			files = (
				7C447707E6EFA415C2620730 /* Assets.xcassets in Resources */,
			);
			runOnlyForDeploymentPostprocessing = 0;
		};
		6E97DA5AEE51272CD44CBAE9 /* Resources */ = {
			isa = PBXResourcesBuildPhase;
			buildActionMask = 2147483647;
			files = (
				D838E66684EAB34DB1B0B356 /* Assets.xcassets in Resources */,
			);
			runOnlyForDeploymentPostprocessing = 0;
		};
		733D3F43D088BC304A4E2534 /* Resources */ = {
			isa = PBXResourcesBuildPhase;
			buildActionMask = 2147483647;
			files = (
				2B9BC0A1DF0BE48BE8AFCF81 /* Assets.xcassets in Resources */,
			);
			runOnlyForDeploymentPostprocessing = 0;
		};
		CA52D00317CC60335AE4136E /* Resources */ = {
			isa = PBXResourcesBuildPhase;
			buildActionMask = 2147483647;
			files = (
				0CE7AD6783E511A241CCE8B9 /* Assets.xcassets in Resources */,
			);
			runOnlyForDeploymentPostprocessing = 0;
		};
/* End PBXResourcesBuildPhase section */

/* Begin PBXShellScriptBuildPhase section */
		0C2CA49383C809AE54CFEADD /* Stamp CalVer */ = {
			isa = PBXShellScriptBuildPhase;
			alwaysOutOfDate = 1;
			buildActionMask = 2147483647;
			files = (
			);
			inputFileListPaths = (
			);
			inputPaths = (
			);
			name = "Stamp CalVer";
			outputFileListPaths = (
			);
			outputPaths = (
			);
			runOnlyForDeploymentPostprocessing = 0;
			shellPath = /bin/sh;
			shellScript = "sh \"$SRCROOT/scripts/calver-stamp.sh\"";
		};
		13A1B5C59AD33A216AEDD380 /* Build the tokenizer (Rust) */ = {
			isa = PBXShellScriptBuildPhase;
			alwaysOutOfDate = 1;
			buildActionMask = 2147483647;
			files = (
			);
			inputFileListPaths = (
			);
			inputPaths = (
			);
			name = "Build the tokenizer (Rust)";
			outputFileListPaths = (
			);
			outputPaths = (
			);
			runOnlyForDeploymentPostprocessing = 0;
			shellPath = /bin/sh;
			shellScript = "export PATH=\"$HOME/.cargo/bin:/opt/homebrew/bin:/usr/local/bin:$PATH\"\nif ! command -v cargo >/dev/null; then\n  echo \"error: cargo not found: the hub's in-process ANE embedder builds its tokenizer with Rust. Install it, then build again:\"\n  echo \"error:   brew install rustup && rustup-init -y && . ~/.cargo/env\"\n  exit 1\nfi\n# Every build: a no-op when current, and an edit to the Rust code is never skipped.\n# From the crate's folder, so .cargo/config.toml (MACOSX_DEPLOYMENT_TARGET = 14.0) applies.\ncd \"$SRCROOT/ANEEmbed/tokenizer-ffi\" && cargo build --release --locked\n";
		};
		1983416334F26A798A2ED93F /* Stamp CalVer */ = {
			isa = PBXShellScriptBuildPhase;
			alwaysOutOfDate = 1;
			buildActionMask = 2147483647;
			files = (
			);
			inputFileListPaths = (
			);
			inputPaths = (
			);
			name = "Stamp CalVer";
			outputFileListPaths = (
			);
			outputPaths = (
			);
			runOnlyForDeploymentPostprocessing = 0;
			shellPath = /bin/sh;
			shellScript = "sh \"$SRCROOT/scripts/calver-stamp.sh\"";
		};
		41A9AD718F4603DEE6D82949 /* Stamp CalVer */ = {
			isa = PBXShellScriptBuildPhase;
			alwaysOutOfDate = 1;
			buildActionMask = 2147483647;
			files = (
			);
			inputFileListPaths = (
			);
			inputPaths = (
			);
			name = "Stamp CalVer";
			outputFileListPaths = (
			);
			outputPaths = (
			);
			runOnlyForDeploymentPostprocessing = 0;
			shellPath = /bin/sh;
			shellScript = "sh \"$SRCROOT/scripts/calver-stamp.sh\"";
		};
		57B839A3031387EC14A87ED7 /* Build the tokenizer (Rust) */ = {
			isa = PBXShellScriptBuildPhase;
			alwaysOutOfDate = 1;
			buildActionMask = 2147483647;
			files = (
			);
			inputFileListPaths = (
			);
			inputPaths = (
			);
			name = "Build the tokenizer (Rust)";
			outputFileListPaths = (
			);
			outputPaths = (
			);
			runOnlyForDeploymentPostprocessing = 0;
			shellPath = /bin/sh;
			shellScript = "[ \"$PLATFORM_NAME\" = macosx ] || exit 0\nexport PATH=\"$HOME/.cargo/bin:/opt/homebrew/bin:/usr/local/bin:$PATH\"\nif ! command -v cargo >/dev/null; then\n  echo \"error: cargo not found: the Memory page's embedder builds its tokenizer with Rust. Install it, then build again:\"\n  echo \"error:   brew install rustup && rustup-init -y && . ~/.cargo/env\"\n  exit 1\nfi\ncd \"$SRCROOT/ANEEmbed/tokenizer-ffi\" && cargo build --release --locked\n";
		};
		81AA95EB6E06BB803C0045AA /* Bundle the ANE model */ = {
			isa = PBXShellScriptBuildPhase;
			alwaysOutOfDate = 1;
			buildActionMask = 2147483647;
			files = (
			);
			inputFileListPaths = (
			);
			inputPaths = (
			);
			name = "Bundle the ANE model";
			outputFileListPaths = (
			);
			outputPaths = (
			);
			runOnlyForDeploymentPostprocessing = 0;
			shellPath = /bin/sh;
			shellScript = "# Only a complete export: what the app loads at run time (it never compiles inside its own bundle).\nSRC=\"$HOME/Library/Application Support/ANEEmbed/embeddinggemma2-w16\"\nDST=\"$TARGET_BUILD_DIR/$UNLOCALIZED_RESOURCES_FOLDER_PATH/ANEModel/embeddinggemma2-w16\"\nmissing=\"\"\nfor f in manifest.json embed_scaled.f16 tokenizer; do [ -e \"$SRC/$f\" ] || missing=\"$missing $f\"; done\nif [ -f \"$SRC/manifest.json\" ]; then\n  for b in $(plutil -extract buckets json -o - \"$SRC/manifest.json\" | tr -d '[] ' | tr ',' ' '); do\n    [ -d \"$SRC/compiled/$b.mlmodelc\" ] || missing=\"$missing compiled/$b.mlmodelc\"\n  done\nfi\nif [ -z \"$missing\" ]; then\n  mkdir -p \"$DST\"\n  rsync -a --delete --exclude packages \"$SRC/\" \"$DST/\"\n  echo \"bundled the ANE model: $(plutil -extract vector_space_identity raw -o - \"$SRC/manifest.json\")\"\nelse\n  rm -rf \"$DST\"\n  echo \"warning: no complete ANE model in $SRC (missing:$missing): the hub runs without it and embeds through the HTTP service on 127.0.0.1:11435\"\nfi\n";
		};
		8BD445D50AD8C893B67928C2 /* Stamp CalVer */ = {
			isa = PBXShellScriptBuildPhase;
			alwaysOutOfDate = 1;
			buildActionMask = 2147483647;
			files = (
			);
			inputFileListPaths = (
			);
			inputPaths = (
			);
			name = "Stamp CalVer";
			outputFileListPaths = (
			);
			outputPaths = (
			);
			runOnlyForDeploymentPostprocessing = 0;
			shellPath = /bin/sh;
			shellScript = "sh \"$SRCROOT/scripts/calver-stamp.sh\"";
		};
		9D05EE252D6D55BA5FD511A1 /* Build the tokenizer (Rust) */ = {
			isa = PBXShellScriptBuildPhase;
			alwaysOutOfDate = 1;
			buildActionMask = 2147483647;
			files = (
			);
			inputFileListPaths = (
			);
			inputPaths = (
			);
			name = "Build the tokenizer (Rust)";
			outputFileListPaths = (
			);
			outputPaths = (
			);
			runOnlyForDeploymentPostprocessing = 0;
			shellPath = /bin/sh;
			shellScript = "[ \"$PLATFORM_NAME\" = macosx ] || exit 0\nexport PATH=\"$HOME/.cargo/bin:/opt/homebrew/bin:/usr/local/bin:$PATH\"\nif ! command -v cargo >/dev/null; then\n  echo \"error: cargo not found: the Memory page's embedder builds its tokenizer with Rust. Install it, then build again:\"\n  echo \"error:   brew install rustup && rustup-init -y && . ~/.cargo/env\"\n  exit 1\nfi\ncd \"$SRCROOT/ANEEmbed/tokenizer-ffi\" && cargo build --release --locked\n";
		};
		C9A394073FF9F8D5F269A650 /* Build the tokenizer (Rust) */ = {
			isa = PBXShellScriptBuildPhase;
			alwaysOutOfDate = 1;
			buildActionMask = 2147483647;
			files = (
			);
			inputFileListPaths = (
			);
			inputPaths = (
			);
			name = "Build the tokenizer (Rust)";
			outputFileListPaths = (
			);
			outputPaths = (
			);
			runOnlyForDeploymentPostprocessing = 0;
			shellPath = /bin/sh;
			shellScript = "[ \"$PLATFORM_NAME\" = macosx ] || exit 0\nexport PATH=\"$HOME/.cargo/bin:/opt/homebrew/bin:/usr/local/bin:$PATH\"\nif ! command -v cargo >/dev/null; then\n  echo \"error: cargo not found: the Memory page's embedder builds its tokenizer with Rust. Install it, then build again:\"\n  echo \"error:   brew install rustup && rustup-init -y && . ~/.cargo/env\"\n  exit 1\nfi\ncd \"$SRCROOT/ANEEmbed/tokenizer-ffi\" && cargo build --release --locked\n";
		};
/* End PBXShellScriptBuildPhase section */

/* Begin PBXSourcesBuildPhase section */
		198D1CFD92F8BB0B1BE14374 /* Sources */ = {
			isa = PBXSourcesBuildPhase;
			buildActionMask = 2147483647;
			files = (
				8499F93EF566A879CF5EBA84 /* BundledANE.swift in Sources */,
				4771993584B814FF8A661A42 /* NexusApp.swift in Sources */,
				85A9367B8DDB37C40B9472FA /* NexusConfig.swift in Sources */,
				99080C841CF90F9DFACA1DF6 /* NexusExtras.swift in Sources */,
			);
			runOnlyForDeploymentPostprocessing = 0;
		};
		2C41809D19F74310392F3049 /* Sources */ = {
			isa = PBXSourcesBuildPhase;
			buildActionMask = 2147483647;
			files = (
				C4E0BD8D0B45870B893A2D5D /* NeoConfig.swift in Sources */,
				D7511C67943FE37ADACAAAAD /* ShareViewController.swift in Sources */,
			);
			runOnlyForDeploymentPostprocessing = 0;
		};
		57DCBADD2F9B5D6EEE8D5005 /* Sources */ = {
			isa = PBXSourcesBuildPhase;
			buildActionMask = 2147483647;
			files = (
				E73105C73F8AAB325D00F325 /* PulseConfig.swift in Sources */,
				4D873E55B912A714615E4FCF /* PulseWidget.swift in Sources */,
			);
			runOnlyForDeploymentPostprocessing = 0;
		};
		57F7BCC8DE25AEFCDF2F5069 /* Sources */ = {
			isa = PBXSourcesBuildPhase;
			buildActionMask = 2147483647;
			files = (
				2668904C7E52D602BD0C6ABF /* NexusConfig.swift in Sources */,
				F37E3C3DF96F6A7393312512 /* ShareViewController.swift in Sources */,
			);
			runOnlyForDeploymentPostprocessing = 0;
		};
		905E73BA18FA674646DF865F /* Sources */ = {
			isa = PBXSourcesBuildPhase;
			buildActionMask = 2147483647;
			files = (
				E34688015F45948EA7A17D16 /* BundledANE.swift in Sources */,
				89201715E26C3A13D0949318 /* PulseApp.swift in Sources */,
				FD7A77DBE3B1668A604D354B /* PulseConfig.swift in Sources */,
				9D882FA86DFB4F8F73ED7CB6 /* PulseExtras.swift in Sources */,
			);
			runOnlyForDeploymentPostprocessing = 0;
		};
		BFE6C4030E63FB39B7303ACF /* Sources */ = {
			isa = PBXSourcesBuildPhase;
			buildActionMask = 2147483647;
			files = (
				3B644CA804D8F0783F6696AA /* PulseConfig.swift in Sources */,
				54E3709C28D2D3F941322A12 /* ShareViewController.swift in Sources */,
			);
			runOnlyForDeploymentPostprocessing = 0;
		};
		D5C5193115A84A5B6B26EF07 /* Sources */ = {
			isa = PBXSourcesBuildPhase;
			buildActionMask = 2147483647;
			files = (
				1219A0F40327E57A5C962C60 /* NexusConfig.swift in Sources */,
				6F8DA303E4A8482015835CB7 /* NexusWidget.swift in Sources */,
			);
			runOnlyForDeploymentPostprocessing = 0;
		};
		DA9DF48BAA5BE8C6647B2424 /* Sources */ = {
			isa = PBXSourcesBuildPhase;
			buildActionMask = 2147483647;
			files = (
				971E729911F9BD737E91F026 /* NeoConfig.swift in Sources */,
				98C25B7301DD0170F482898B /* NeoWidget.swift in Sources */,
			);
			runOnlyForDeploymentPostprocessing = 0;
		};
		F64C101027A592994D8188C3 /* Sources */ = {
			isa = PBXSourcesBuildPhase;
			buildActionMask = 2147483647;
			files = (
				248DBC4D211229CA18D7B079 /* BundledANE.swift in Sources */,
				135BC6904B6A6EF518DD7C74 /* NeoApp.swift in Sources */,
				6ACD97A55E30D1EB01D2493D /* NeoConfig.swift in Sources */,
				8505E97A8977FEE81E2CB5D9 /* NeoExtras.swift in Sources */,
			);
			runOnlyForDeploymentPostprocessing = 0;
		};
		FCE075EFF97A8FADBDF224A3 /* Sources */ = {
			isa = PBXSourcesBuildPhase;
			buildActionMask = 2147483647;
			files = (
				DF81AAE88BAF2C34DC049621 /* BundledANE.swift in Sources */,
				3EAC39F660472701B2B3CAAC /* HubApp.swift in Sources */,
			);
			runOnlyForDeploymentPostprocessing = 0;
		};
/* End PBXSourcesBuildPhase section */

/* Begin PBXTargetDependency section */
		214813755916FDF9DAB2BBAB /* PBXTargetDependency */ = {
			isa = PBXTargetDependency;
			platformFilters = (
				macos,
			);
			target = 0B340EA5EB290CE723DAF822 /* NexusShare */;
			targetProxy = 020BDC657967821B9DC14832 /* PBXContainerItemProxy */;
		};
		25BA7D1429D8E4A9D33200DC /* PBXTargetDependency */ = {
			isa = PBXTargetDependency;
			target = DBA79B4153688EFC969DDF98 /* NexusWidget */;
			targetProxy = 94212C719841CD3C4694701C /* PBXContainerItemProxy */;
		};
		44F34CBB47421F978E675D25 /* PBXTargetDependency */ = {
			isa = PBXTargetDependency;
			platformFilters = (
				macos,
			);
			target = DA9655DA8312A36373D2632A /* PulseShare */;
			targetProxy = 099B5D9E1FCF5B0C0A090AEB /* PBXContainerItemProxy */;
		};
		643EFF85B4AE6367F0B47C4C /* PBXTargetDependency */ = {
			isa = PBXTargetDependency;
			target = 01CF40E90577B244E67480F2 /* NeoWidget */;
			targetProxy = 0A143AA29BF2AB14D5BDF335 /* PBXContainerItemProxy */;
		};
		F4AD72B2B5A0089245802712 /* PBXTargetDependency */ = {
			isa = PBXTargetDependency;
			platformFilters = (
				macos,
			);
			target = 9EC664F778F344E25A6035DF /* NeoShare */;
			targetProxy = 11C2E4B2C1E2B28C07E5FB39 /* PBXContainerItemProxy */;
		};
		F7E0EBFB87FA7EBF98C4E5C8 /* PBXTargetDependency */ = {
			isa = PBXTargetDependency;
			target = 19EE540E3E022009C36A99F1 /* PulseWidget */;
			targetProxy = 9BC6479CE848CFC6FC810E5C /* PBXContainerItemProxy */;
		};
/* End PBXTargetDependency section */

/* Begin XCBuildConfiguration section */
		07F9CD8CF473A4D397574F5C /* Release */ = {
			isa = XCBuildConfiguration;
			buildSettings = {
				CODE_SIGN_ENTITLEMENTS = Apps/Nexus/Widget/NexusWidget.entitlements;
				ENABLE_APP_SANDBOX = YES;
				INFOPLIST_FILE = Apps/Nexus/Widget/Info.plist;
				LD_RUNPATH_SEARCH_PATHS = (
					"$(inherited)",
					"@executable_path/Frameworks",
					"@executable_path/../../Frameworks",
				);
				PRODUCT_BUNDLE_IDENTIFIER = co.laris.oracle.nexus.widget;
				PRODUCT_NAME = NexusWidget;
				SDKROOT = auto;
				SKIP_INSTALL = YES;
				SUPPORTED_PLATFORMS = "iphoneos iphonesimulator macosx";
				SUPPORTS_MACCATALYST = NO;
				SUPPORTS_MAC_DESIGNED_FOR_IPHONE_IPAD = NO;
				SUPPORTS_XR_DESIGNED_FOR_IPHONE_IPAD = YES;
				TARGETED_DEVICE_FAMILY = "1,2";
			};
			name = Release;
		};
		19203404D05A287CFAF94598 /* Release */ = {
			isa = XCBuildConfiguration;
			buildSettings = {
				ALWAYS_SEARCH_USER_PATHS = NO;
				CLANG_ANALYZER_NONNULL = YES;
				CLANG_ANALYZER_NUMBER_OBJECT_CONVERSION = YES_AGGRESSIVE;
				CLANG_CXX_LANGUAGE_STANDARD = "gnu++14";
				CLANG_CXX_LIBRARY = "libc++";
				CLANG_ENABLE_MODULES = YES;
				CLANG_ENABLE_OBJC_ARC = YES;
				CLANG_ENABLE_OBJC_WEAK = YES;
				CLANG_WARN_BLOCK_CAPTURE_AUTORELEASING = YES;
				CLANG_WARN_BOOL_CONVERSION = YES;
				CLANG_WARN_COMMA = YES;
				CLANG_WARN_CONSTANT_CONVERSION = YES;
				CLANG_WARN_DEPRECATED_OBJC_IMPLEMENTATIONS = YES;
				CLANG_WARN_DIRECT_OBJC_ISA_USAGE = YES_ERROR;
				CLANG_WARN_DOCUMENTATION_COMMENTS = YES;
				CLANG_WARN_EMPTY_BODY = YES;
				CLANG_WARN_ENUM_CONVERSION = YES;
				CLANG_WARN_INFINITE_RECURSION = YES;
				CLANG_WARN_INT_CONVERSION = YES;
				CLANG_WARN_NON_LITERAL_NULL_CONVERSION = YES;
				CLANG_WARN_OBJC_IMPLICIT_RETAIN_SELF = YES;
				CLANG_WARN_OBJC_LITERAL_CONVERSION = YES;
				CLANG_WARN_OBJC_ROOT_CLASS = YES_ERROR;
				CLANG_WARN_QUOTED_INCLUDE_IN_FRAMEWORK_HEADER = YES;
				CLANG_WARN_RANGE_LOOP_ANALYSIS = YES;
				CLANG_WARN_STRICT_PROTOTYPES = YES;
				CLANG_WARN_SUSPICIOUS_MOVE = YES;
				CLANG_WARN_UNGUARDED_AVAILABILITY = YES_AGGRESSIVE;
				CLANG_WARN_UNREACHABLE_CODE = YES;
				CLANG_WARN__DUPLICATE_METHOD_MATCH = YES;
				CODE_SIGN_STYLE = Automatic;
				COPY_PHASE_STRIP = NO;
				CURRENT_PROJECT_VERSION = 1;
				DEBUG_INFORMATION_FORMAT = "dwarf-with-dsym";
				DEVELOPMENT_TEAM = 6K28WEXX78;
				ENABLE_NS_ASSERTIONS = NO;
				ENABLE_STRICT_OBJC_MSGSEND = YES;
				GCC_C_LANGUAGE_STANDARD = gnu11;
				GCC_NO_COMMON_BLOCKS = YES;
				GCC_WARN_64_TO_32_BIT_CONVERSION = YES;
				GCC_WARN_ABOUT_RETURN_TYPE = YES_ERROR;
				GCC_WARN_UNDECLARED_SELECTOR = YES;
				GCC_WARN_UNINITIALIZED_AUTOS = YES_AGGRESSIVE;
				GCC_WARN_UNUSED_FUNCTION = YES;
				GCC_WARN_UNUSED_VARIABLE = YES;
				IPHONEOS_DEPLOYMENT_TARGET = 17.0;
				MACOSX_DEPLOYMENT_TARGET = 14.0;
				MARKETING_VERSION = 0.1.0;
				MTL_ENABLE_DEBUG_INFO = NO;
				MTL_FAST_MATH = YES;
				PRODUCT_NAME = "$(TARGET_NAME)";
				SDKROOT = auto;
				SWIFT_COMPILATION_MODE = wholemodule;
				SWIFT_OPTIMIZATION_LEVEL = "-O";
				SWIFT_VERSION = 5.0;
			};
			name = Release;
		};
		1E4827325B81AF1DB129A051 /* Release */ = {
			isa = XCBuildConfiguration;
			buildSettings = {
				ARCHS = arm64;
				ASSETCATALOG_COMPILER_APPICON_NAME = AppIcon;
				COMBINE_HIDPI_IMAGES = YES;
				ENABLE_APP_SANDBOX = NO;
				ENABLE_HARDENED_RUNTIME = NO;
				ENABLE_USER_SCRIPT_SANDBOXING = NO;
				INFOPLIST_FILE = Apps/Hub/Info.plist;
				INFOPLIST_KEY_CFBundleDisplayName = "ARRA Oracles";
				LD_RUNPATH_SEARCH_PATHS = (
					"$(inherited)",
					"@executable_path/../Frameworks",
				);
				PRODUCT_BUNDLE_IDENTIFIER = co.laris.oracle.hub;
				PRODUCT_NAME = "ARRA Oracles";
				SDKROOT = auto;
				SUPPORTED_PLATFORMS = macosx;
				SUPPORTS_MACCATALYST = NO;
				SUPPORTS_MAC_DESIGNED_FOR_IPHONE_IPAD = NO;
				TARGETED_DEVICE_FAMILY = "";
			};
			name = Release;
		};
		1ED26561887388A71C76D6F5 /* Debug */ = {
			isa = XCBuildConfiguration;
			buildSettings = {
				CODE_SIGN_ENTITLEMENTS = Apps/Neo/Share/NeoShare.entitlements;
				COMBINE_HIDPI_IMAGES = YES;
				ENABLE_APP_SANDBOX = YES;
				INFOPLIST_FILE = Apps/Neo/Share/Info.plist;
				LD_RUNPATH_SEARCH_PATHS = (
					"$(inherited)",
					"@executable_path/../Frameworks",
					"@executable_path/../../../../Frameworks",
				);
				PRODUCT_BUNDLE_IDENTIFIER = co.laris.oracle.neo.share;
				PRODUCT_NAME = NeoShare;
				SDKROOT = auto;
				SKIP_INSTALL = YES;
				SUPPORTED_PLATFORMS = macosx;
				SUPPORTS_MACCATALYST = NO;
				SUPPORTS_MAC_DESIGNED_FOR_IPHONE_IPAD = NO;
				TARGETED_DEVICE_FAMILY = "";
			};
			name = Debug;
		};
		2B0F3BF9C703BEE2541CBF4E /* Debug */ = {
			isa = XCBuildConfiguration;
			buildSettings = {
				CODE_SIGN_ENTITLEMENTS = Apps/Pulse/Share/PulseShare.entitlements;
				COMBINE_HIDPI_IMAGES = YES;
				ENABLE_APP_SANDBOX = YES;
				INFOPLIST_FILE = Apps/Pulse/Share/Info.plist;
				LD_RUNPATH_SEARCH_PATHS = (
					"$(inherited)",
					"@executable_path/../Frameworks",
					"@executable_path/../../../../Frameworks",
				);
				PRODUCT_BUNDLE_IDENTIFIER = co.laris.oracle.pulse.share;
				PRODUCT_NAME = PulseShare;
				SDKROOT = auto;
				SKIP_INSTALL = YES;
				SUPPORTED_PLATFORMS = macosx;
				SUPPORTS_MACCATALYST = NO;
				SUPPORTS_MAC_DESIGNED_FOR_IPHONE_IPAD = NO;
				TARGETED_DEVICE_FAMILY = "";
			};
			name = Debug;
		};
		355BEE1F58AACE63A371A489 /* Release */ = {
			isa = XCBuildConfiguration;
			buildSettings = {
				"ARCHS[sdk=macosx*]" = arm64;
				ASSETCATALOG_COMPILER_APPICON_NAME = AppIcon;
				CODE_SIGN_ENTITLEMENTS = Apps/Pulse/Pulse.entitlements;
				CODE_SIGN_IDENTITY = "iPhone Developer";
				ENABLE_APP_SANDBOX = NO;
				ENABLE_HARDENED_RUNTIME = NO;
				ENABLE_USER_SCRIPT_SANDBOXING = NO;
				INFOPLIST_FILE = Apps/Pulse/Info.plist;
				INFOPLIST_KEY_CFBundleDisplayName = Pulse;
				INFOPLIST_KEY_UILaunchScreen_Generation = YES;
				LD_RUNPATH_SEARCH_PATHS = (
					"$(inherited)",
					"@executable_path/Frameworks",
				);
				PRODUCT_BUNDLE_IDENTIFIER = co.laris.oracle.pulse;
				PRODUCT_NAME = Pulse;
				SDKROOT = auto;
				SUPPORTED_PLATFORMS = "iphoneos iphonesimulator macosx";
				SUPPORTS_MACCATALYST = NO;
				SUPPORTS_MAC_DESIGNED_FOR_IPHONE_IPAD = NO;
				SUPPORTS_XR_DESIGNED_FOR_IPHONE_IPAD = YES;
				TARGETED_DEVICE_FAMILY = "1,2";
			};
			name = Release;
		};
		450E64A73A4654D69521DB5C /* Debug */ = {
			isa = XCBuildConfiguration;
			buildSettings = {
				CODE_SIGN_ENTITLEMENTS = Apps/Nexus/Widget/NexusWidget.entitlements;
				ENABLE_APP_SANDBOX = YES;
				INFOPLIST_FILE = Apps/Nexus/Widget/Info.plist;
				LD_RUNPATH_SEARCH_PATHS = (
					"$(inherited)",
					"@executable_path/Frameworks",
					"@executable_path/../../Frameworks",
				);
				PRODUCT_BUNDLE_IDENTIFIER = co.laris.oracle.nexus.widget;
				PRODUCT_NAME = NexusWidget;
				SDKROOT = auto;
				SKIP_INSTALL = YES;
				SUPPORTED_PLATFORMS = "iphoneos iphonesimulator macosx";
				SUPPORTS_MACCATALYST = NO;
				SUPPORTS_MAC_DESIGNED_FOR_IPHONE_IPAD = NO;
				SUPPORTS_XR_DESIGNED_FOR_IPHONE_IPAD = YES;
				TARGETED_DEVICE_FAMILY = "1,2";
			};
			name = Debug;
		};
		4B0529496B0DA6C277C926E2 /* Debug */ = {
			isa = XCBuildConfiguration;
			buildSettings = {
				CODE_SIGN_ENTITLEMENTS = Apps/Neo/Widget/NeoWidget.entitlements;
				ENABLE_APP_SANDBOX = YES;
				INFOPLIST_FILE = Apps/Neo/Widget/Info.plist;
				LD_RUNPATH_SEARCH_PATHS = (
					"$(inherited)",
					"@executable_path/Frameworks",
					"@executable_path/../../Frameworks",
				);
				PRODUCT_BUNDLE_IDENTIFIER = co.laris.oracle.neo.widget;
				PRODUCT_NAME = NeoWidget;
				SDKROOT = auto;
				SKIP_INSTALL = YES;
				SUPPORTED_PLATFORMS = "iphoneos iphonesimulator macosx";
				SUPPORTS_MACCATALYST = NO;
				SUPPORTS_MAC_DESIGNED_FOR_IPHONE_IPAD = NO;
				SUPPORTS_XR_DESIGNED_FOR_IPHONE_IPAD = YES;
				TARGETED_DEVICE_FAMILY = "1,2";
			};
			name = Debug;
		};
		54B280AAFB3B720DD49AD23E /* Debug */ = {
			isa = XCBuildConfiguration;
			buildSettings = {
				"ARCHS[sdk=macosx*]" = arm64;
				ASSETCATALOG_COMPILER_APPICON_NAME = AppIcon;
				CODE_SIGN_ENTITLEMENTS = Apps/Pulse/Pulse.entitlements;
				CODE_SIGN_IDENTITY = "iPhone Developer";
				ENABLE_APP_SANDBOX = NO;
				ENABLE_HARDENED_RUNTIME = NO;
				ENABLE_USER_SCRIPT_SANDBOXING = NO;
				INFOPLIST_FILE = Apps/Pulse/Info.plist;
				INFOPLIST_KEY_CFBundleDisplayName = Pulse;
				INFOPLIST_KEY_UILaunchScreen_Generation = YES;
				LD_RUNPATH_SEARCH_PATHS = (
					"$(inherited)",
					"@executable_path/Frameworks",
				);
				PRODUCT_BUNDLE_IDENTIFIER = co.laris.oracle.pulse;
				PRODUCT_NAME = Pulse;
				SDKROOT = auto;
				SUPPORTED_PLATFORMS = "iphoneos iphonesimulator macosx";
				SUPPORTS_MACCATALYST = NO;
				SUPPORTS_MAC_DESIGNED_FOR_IPHONE_IPAD = NO;
				SUPPORTS_XR_DESIGNED_FOR_IPHONE_IPAD = YES;
				TARGETED_DEVICE_FAMILY = "1,2";
			};
			name = Debug;
		};
		5794BC0AF53A1C51FC6AAAB3 /* Release */ = {
			isa = XCBuildConfiguration;
			buildSettings = {
				CODE_SIGN_ENTITLEMENTS = Apps/Pulse/Share/PulseShare.entitlements;
				COMBINE_HIDPI_IMAGES = YES;
				ENABLE_APP_SANDBOX = YES;
				INFOPLIST_FILE = Apps/Pulse/Share/Info.plist;
				LD_RUNPATH_SEARCH_PATHS = (
					"$(inherited)",
					"@executable_path/../Frameworks",
					"@executable_path/../../../../Frameworks",
				);
				PRODUCT_BUNDLE_IDENTIFIER = co.laris.oracle.pulse.share;
				PRODUCT_NAME = PulseShare;
				SDKROOT = auto;
				SKIP_INSTALL = YES;
				SUPPORTED_PLATFORMS = macosx;
				SUPPORTS_MACCATALYST = NO;
				SUPPORTS_MAC_DESIGNED_FOR_IPHONE_IPAD = NO;
				TARGETED_DEVICE_FAMILY = "";
			};
			name = Release;
		};
		5876257F8D7A170BE19CDAA7 /* Debug */ = {
			isa = XCBuildConfiguration;
			buildSettings = {
				CODE_SIGN_ENTITLEMENTS = Apps/Pulse/Widget/PulseWidget.entitlements;
				ENABLE_APP_SANDBOX = YES;
				INFOPLIST_FILE = Apps/Pulse/Widget/Info.plist;
				LD_RUNPATH_SEARCH_PATHS = (
					"$(inherited)",
					"@executable_path/Frameworks",
					"@executable_path/../../Frameworks",
				);
				PRODUCT_BUNDLE_IDENTIFIER = co.laris.oracle.pulse.widget;
				PRODUCT_NAME = PulseWidget;
				SDKROOT = auto;
				SKIP_INSTALL = YES;
				SUPPORTED_PLATFORMS = "iphoneos iphonesimulator macosx";
				SUPPORTS_MACCATALYST = NO;
				SUPPORTS_MAC_DESIGNED_FOR_IPHONE_IPAD = NO;
				SUPPORTS_XR_DESIGNED_FOR_IPHONE_IPAD = YES;
				TARGETED_DEVICE_FAMILY = "1,2";
			};
			name = Debug;
		};
		59637AB946C70994A0156273 /* Release */ = {
			isa = XCBuildConfiguration;
			buildSettings = {
				CODE_SIGN_ENTITLEMENTS = Apps/Neo/Widget/NeoWidget.entitlements;
				ENABLE_APP_SANDBOX = YES;
				INFOPLIST_FILE = Apps/Neo/Widget/Info.plist;
				LD_RUNPATH_SEARCH_PATHS = (
					"$(inherited)",
					"@executable_path/Frameworks",
					"@executable_path/../../Frameworks",
				);
				PRODUCT_BUNDLE_IDENTIFIER = co.laris.oracle.neo.widget;
				PRODUCT_NAME = NeoWidget;
				SDKROOT = auto;
				SKIP_INSTALL = YES;
				SUPPORTED_PLATFORMS = "iphoneos iphonesimulator macosx";
				SUPPORTS_MACCATALYST = NO;
				SUPPORTS_MAC_DESIGNED_FOR_IPHONE_IPAD = NO;
				SUPPORTS_XR_DESIGNED_FOR_IPHONE_IPAD = YES;
				TARGETED_DEVICE_FAMILY = "1,2";
			};
			name = Release;
		};
		6ACDA8AAF747476CF29997FA /* Release */ = {
			isa = XCBuildConfiguration;
			buildSettings = {
				CODE_SIGN_ENTITLEMENTS = Apps/Pulse/Widget/PulseWidget.entitlements;
				ENABLE_APP_SANDBOX = YES;
				INFOPLIST_FILE = Apps/Pulse/Widget/Info.plist;
				LD_RUNPATH_SEARCH_PATHS = (
					"$(inherited)",
					"@executable_path/Frameworks",
					"@executable_path/../../Frameworks",
				);
				PRODUCT_BUNDLE_IDENTIFIER = co.laris.oracle.pulse.widget;
				PRODUCT_NAME = PulseWidget;
				SDKROOT = auto;
				SKIP_INSTALL = YES;
				SUPPORTED_PLATFORMS = "iphoneos iphonesimulator macosx";
				SUPPORTS_MACCATALYST = NO;
				SUPPORTS_MAC_DESIGNED_FOR_IPHONE_IPAD = NO;
				SUPPORTS_XR_DESIGNED_FOR_IPHONE_IPAD = YES;
				TARGETED_DEVICE_FAMILY = "1,2";
			};
			name = Release;
		};
		6F033EA9ADDB5685F5A7758A /* Release */ = {
			isa = XCBuildConfiguration;
			buildSettings = {
				CODE_SIGN_ENTITLEMENTS = Apps/Neo/Share/NeoShare.entitlements;
				COMBINE_HIDPI_IMAGES = YES;
				ENABLE_APP_SANDBOX = YES;
				INFOPLIST_FILE = Apps/Neo/Share/Info.plist;
				LD_RUNPATH_SEARCH_PATHS = (
					"$(inherited)",
					"@executable_path/../Frameworks",
					"@executable_path/../../../../Frameworks",
				);
				PRODUCT_BUNDLE_IDENTIFIER = co.laris.oracle.neo.share;
				PRODUCT_NAME = NeoShare;
				SDKROOT = auto;
				SKIP_INSTALL = YES;
				SUPPORTED_PLATFORMS = macosx;
				SUPPORTS_MACCATALYST = NO;
				SUPPORTS_MAC_DESIGNED_FOR_IPHONE_IPAD = NO;
				TARGETED_DEVICE_FAMILY = "";
			};
			name = Release;
		};
		8819780CA64A0C0892B6242C /* Debug */ = {
			isa = XCBuildConfiguration;
			buildSettings = {
				"ARCHS[sdk=macosx*]" = arm64;
				ASSETCATALOG_COMPILER_APPICON_NAME = AppIcon;
				CODE_SIGN_ENTITLEMENTS = Apps/Nexus/Nexus.entitlements;
				CODE_SIGN_IDENTITY = "iPhone Developer";
				ENABLE_APP_SANDBOX = NO;
				ENABLE_HARDENED_RUNTIME = NO;
				ENABLE_USER_SCRIPT_SANDBOXING = NO;
				INFOPLIST_FILE = Apps/Nexus/Info.plist;
				INFOPLIST_KEY_CFBundleDisplayName = Nexus;
				INFOPLIST_KEY_UILaunchScreen_Generation = YES;
				LD_RUNPATH_SEARCH_PATHS = (
					"$(inherited)",
					"@executable_path/Frameworks",
				);
				PRODUCT_BUNDLE_IDENTIFIER = co.laris.oracle.nexus;
				PRODUCT_NAME = Nexus;
				SDKROOT = auto;
				SUPPORTED_PLATFORMS = "iphoneos iphonesimulator macosx";
				SUPPORTS_MACCATALYST = NO;
				SUPPORTS_MAC_DESIGNED_FOR_IPHONE_IPAD = NO;
				SUPPORTS_XR_DESIGNED_FOR_IPHONE_IPAD = YES;
				TARGETED_DEVICE_FAMILY = "1,2";
			};
			name = Debug;
		};
		8B1AC41CD1F5BE813D374A96 /* Debug */ = {
			isa = XCBuildConfiguration;
			buildSettings = {
				ALWAYS_SEARCH_USER_PATHS = NO;
				CLANG_ANALYZER_NONNULL = YES;
				CLANG_ANALYZER_NUMBER_OBJECT_CONVERSION = YES_AGGRESSIVE;
				CLANG_CXX_LANGUAGE_STANDARD = "gnu++14";
				CLANG_CXX_LIBRARY = "libc++";
				CLANG_ENABLE_MODULES = YES;
				CLANG_ENABLE_OBJC_ARC = YES;
				CLANG_ENABLE_OBJC_WEAK = YES;
				CLANG_WARN_BLOCK_CAPTURE_AUTORELEASING = YES;
				CLANG_WARN_BOOL_CONVERSION = YES;
				CLANG_WARN_COMMA = YES;
				CLANG_WARN_CONSTANT_CONVERSION = YES;
				CLANG_WARN_DEPRECATED_OBJC_IMPLEMENTATIONS = YES;
				CLANG_WARN_DIRECT_OBJC_ISA_USAGE = YES_ERROR;
				CLANG_WARN_DOCUMENTATION_COMMENTS = YES;
				CLANG_WARN_EMPTY_BODY = YES;
				CLANG_WARN_ENUM_CONVERSION = YES;
				CLANG_WARN_INFINITE_RECURSION = YES;
				CLANG_WARN_INT_CONVERSION = YES;
				CLANG_WARN_NON_LITERAL_NULL_CONVERSION = YES;
				CLANG_WARN_OBJC_IMPLICIT_RETAIN_SELF = YES;
				CLANG_WARN_OBJC_LITERAL_CONVERSION = YES;
				CLANG_WARN_OBJC_ROOT_CLASS = YES_ERROR;
				CLANG_WARN_QUOTED_INCLUDE_IN_FRAMEWORK_HEADER = YES;
				CLANG_WARN_RANGE_LOOP_ANALYSIS = YES;
				CLANG_WARN_STRICT_PROTOTYPES = YES;
				CLANG_WARN_SUSPICIOUS_MOVE = YES;
				CLANG_WARN_UNGUARDED_AVAILABILITY = YES_AGGRESSIVE;
				CLANG_WARN_UNREACHABLE_CODE = YES;
				CLANG_WARN__DUPLICATE_METHOD_MATCH = YES;
				CODE_SIGN_STYLE = Automatic;
				COPY_PHASE_STRIP = NO;
				CURRENT_PROJECT_VERSION = 1;
				DEBUG_INFORMATION_FORMAT = dwarf;
				DEVELOPMENT_TEAM = 6K28WEXX78;
				ENABLE_STRICT_OBJC_MSGSEND = YES;
				ENABLE_TESTABILITY = YES;
				GCC_C_LANGUAGE_STANDARD = gnu11;
				GCC_DYNAMIC_NO_PIC = NO;
				GCC_NO_COMMON_BLOCKS = YES;
				GCC_OPTIMIZATION_LEVEL = 0;
				GCC_PREPROCESSOR_DEFINITIONS = (
					"$(inherited)",
					"DEBUG=1",
				);
				GCC_WARN_64_TO_32_BIT_CONVERSION = YES;
				GCC_WARN_ABOUT_RETURN_TYPE = YES_ERROR;
				GCC_WARN_UNDECLARED_SELECTOR = YES;
				GCC_WARN_UNINITIALIZED_AUTOS = YES_AGGRESSIVE;
				GCC_WARN_UNUSED_FUNCTION = YES;
				GCC_WARN_UNUSED_VARIABLE = YES;
				IPHONEOS_DEPLOYMENT_TARGET = 17.0;
				MACOSX_DEPLOYMENT_TARGET = 14.0;
				MARKETING_VERSION = 0.1.0;
				MTL_ENABLE_DEBUG_INFO = INCLUDE_SOURCE;
				MTL_FAST_MATH = YES;
				ONLY_ACTIVE_ARCH = YES;
				PRODUCT_NAME = "$(TARGET_NAME)";
				SDKROOT = auto;
				SWIFT_ACTIVE_COMPILATION_CONDITIONS = DEBUG;
				SWIFT_OPTIMIZATION_LEVEL = "-Onone";
				SWIFT_VERSION = 5.0;
			};
			name = Debug;
		};
		9C61075B9EF3ACC783F8B62C /* Debug */ = {
			isa = XCBuildConfiguration;
			buildSettings = {
				"ARCHS[sdk=macosx*]" = arm64;
				ASSETCATALOG_COMPILER_APPICON_NAME = AppIcon;
				CODE_SIGN_ENTITLEMENTS = Apps/Neo/Neo.entitlements;
				CODE_SIGN_IDENTITY = "iPhone Developer";
				ENABLE_APP_SANDBOX = NO;
				ENABLE_HARDENED_RUNTIME = NO;
				ENABLE_USER_SCRIPT_SANDBOXING = NO;
				INFOPLIST_FILE = Apps/Neo/Info.plist;
				INFOPLIST_KEY_CFBundleDisplayName = Neo;
				INFOPLIST_KEY_UILaunchScreen_Generation = YES;
				LD_RUNPATH_SEARCH_PATHS = (
					"$(inherited)",
					"@executable_path/Frameworks",
				);
				PRODUCT_BUNDLE_IDENTIFIER = co.laris.oracle.neo;
				PRODUCT_NAME = Neo;
				SDKROOT = auto;
				SUPPORTED_PLATFORMS = "iphoneos iphonesimulator macosx";
				SUPPORTS_MACCATALYST = NO;
				SUPPORTS_MAC_DESIGNED_FOR_IPHONE_IPAD = NO;
				SUPPORTS_XR_DESIGNED_FOR_IPHONE_IPAD = YES;
				TARGETED_DEVICE_FAMILY = "1,2";
			};
			name = Debug;
		};
		A976E630B98AE5E3042501D3 /* Release */ = {
			isa = XCBuildConfiguration;
			buildSettings = {
				"ARCHS[sdk=macosx*]" = arm64;
				ASSETCATALOG_COMPILER_APPICON_NAME = AppIcon;
				CODE_SIGN_ENTITLEMENTS = Apps/Nexus/Nexus.entitlements;
				CODE_SIGN_IDENTITY = "iPhone Developer";
				ENABLE_APP_SANDBOX = NO;
				ENABLE_HARDENED_RUNTIME = NO;
				ENABLE_USER_SCRIPT_SANDBOXING = NO;
				INFOPLIST_FILE = Apps/Nexus/Info.plist;
				INFOPLIST_KEY_CFBundleDisplayName = Nexus;
				INFOPLIST_KEY_UILaunchScreen_Generation = YES;
				LD_RUNPATH_SEARCH_PATHS = (
					"$(inherited)",
					"@executable_path/Frameworks",
				);
				PRODUCT_BUNDLE_IDENTIFIER = co.laris.oracle.nexus;
				PRODUCT_NAME = Nexus;
				SDKROOT = auto;
				SUPPORTED_PLATFORMS = "iphoneos iphonesimulator macosx";
				SUPPORTS_MACCATALYST = NO;
				SUPPORTS_MAC_DESIGNED_FOR_IPHONE_IPAD = NO;
				SUPPORTS_XR_DESIGNED_FOR_IPHONE_IPAD = YES;
				TARGETED_DEVICE_FAMILY = "1,2";
			};
			name = Release;
		};
		B0B11DBACFB893E589CEFA06 /* Release */ = {
			isa = XCBuildConfiguration;
			buildSettings = {
				"ARCHS[sdk=macosx*]" = arm64;
				ASSETCATALOG_COMPILER_APPICON_NAME = AppIcon;
				CODE_SIGN_ENTITLEMENTS = Apps/Neo/Neo.entitlements;
				CODE_SIGN_IDENTITY = "iPhone Developer";
				ENABLE_APP_SANDBOX = NO;
				ENABLE_HARDENED_RUNTIME = NO;
				ENABLE_USER_SCRIPT_SANDBOXING = NO;
				INFOPLIST_FILE = Apps/Neo/Info.plist;
				INFOPLIST_KEY_CFBundleDisplayName = Neo;
				INFOPLIST_KEY_UILaunchScreen_Generation = YES;
				LD_RUNPATH_SEARCH_PATHS = (
					"$(inherited)",
					"@executable_path/Frameworks",
				);
				PRODUCT_BUNDLE_IDENTIFIER = co.laris.oracle.neo;
				PRODUCT_NAME = Neo;
				SDKROOT = auto;
				SUPPORTED_PLATFORMS = "iphoneos iphonesimulator macosx";
				SUPPORTS_MACCATALYST = NO;
				SUPPORTS_MAC_DESIGNED_FOR_IPHONE_IPAD = NO;
				SUPPORTS_XR_DESIGNED_FOR_IPHONE_IPAD = YES;
				TARGETED_DEVICE_FAMILY = "1,2";
			};
			name = Release;
		};
		C9729E7EDD01774A990B37DA /* Debug */ = {
			isa = XCBuildConfiguration;
			buildSettings = {
				CODE_SIGN_ENTITLEMENTS = Apps/Nexus/Share/NexusShare.entitlements;
				COMBINE_HIDPI_IMAGES = YES;
				ENABLE_APP_SANDBOX = YES;
				INFOPLIST_FILE = Apps/Nexus/Share/Info.plist;
				LD_RUNPATH_SEARCH_PATHS = (
					"$(inherited)",
					"@executable_path/../Frameworks",
					"@executable_path/../../../../Frameworks",
				);
				PRODUCT_BUNDLE_IDENTIFIER = co.laris.oracle.nexus.share;
				PRODUCT_NAME = NexusShare;
				SDKROOT = auto;
				SKIP_INSTALL = YES;
				SUPPORTED_PLATFORMS = macosx;
				SUPPORTS_MACCATALYST = NO;
				SUPPORTS_MAC_DESIGNED_FOR_IPHONE_IPAD = NO;
				TARGETED_DEVICE_FAMILY = "";
			};
			name = Debug;
		};
		E770C1C760D25402C5DA983F /* Release */ = {
			isa = XCBuildConfiguration;
			buildSettings = {
				CODE_SIGN_ENTITLEMENTS = Apps/Nexus/Share/NexusShare.entitlements;
				COMBINE_HIDPI_IMAGES = YES;
				ENABLE_APP_SANDBOX = YES;
				INFOPLIST_FILE = Apps/Nexus/Share/Info.plist;
				LD_RUNPATH_SEARCH_PATHS = (
					"$(inherited)",
					"@executable_path/../Frameworks",
					"@executable_path/../../../../Frameworks",
				);
				PRODUCT_BUNDLE_IDENTIFIER = co.laris.oracle.nexus.share;
				PRODUCT_NAME = NexusShare;
				SDKROOT = auto;
				SKIP_INSTALL = YES;
				SUPPORTED_PLATFORMS = macosx;
				SUPPORTS_MACCATALYST = NO;
				SUPPORTS_MAC_DESIGNED_FOR_IPHONE_IPAD = NO;
				TARGETED_DEVICE_FAMILY = "";
			};
			name = Release;
		};
		E813AFBB65F57E0459E46336 /* Debug */ = {
			isa = XCBuildConfiguration;
			buildSettings = {
				ARCHS = arm64;
				ASSETCATALOG_COMPILER_APPICON_NAME = AppIcon;
				COMBINE_HIDPI_IMAGES = YES;
				ENABLE_APP_SANDBOX = NO;
				ENABLE_HARDENED_RUNTIME = NO;
				ENABLE_USER_SCRIPT_SANDBOXING = NO;
				INFOPLIST_FILE = Apps/Hub/Info.plist;
				INFOPLIST_KEY_CFBundleDisplayName = "ARRA Oracles";
				LD_RUNPATH_SEARCH_PATHS = (
					"$(inherited)",
					"@executable_path/../Frameworks",
				);
				PRODUCT_BUNDLE_IDENTIFIER = co.laris.oracle.hub;
				PRODUCT_NAME = "ARRA Oracles";
				SDKROOT = auto;
				SUPPORTED_PLATFORMS = macosx;
				SUPPORTS_MACCATALYST = NO;
				SUPPORTS_MAC_DESIGNED_FOR_IPHONE_IPAD = NO;
				TARGETED_DEVICE_FAMILY = "";
			};
			name = Debug;
		};
/* End XCBuildConfiguration section */

/* Begin XCConfigurationList section */
		1E38A697F8EF24E15AC5AAE1 /* Build configuration list for PBXNativeTarget "NexusShare" */ = {
			isa = XCConfigurationList;
			buildConfigurations = (
				C9729E7EDD01774A990B37DA /* Debug */,
				E770C1C760D25402C5DA983F /* Release */,
			);
			defaultConfigurationIsVisible = 0;
			defaultConfigurationName = Debug;
		};
		22492E9F4AAF37EBB0575612 /* Build configuration list for PBXNativeTarget "Nexus" */ = {
			isa = XCConfigurationList;
			buildConfigurations = (
				8819780CA64A0C0892B6242C /* Debug */,
				A976E630B98AE5E3042501D3 /* Release */,
			);
			defaultConfigurationIsVisible = 0;
			defaultConfigurationName = Debug;
		};
		25B61C78DECE11D0BE24B0D3 /* Build configuration list for PBXNativeTarget "Oracles" */ = {
			isa = XCConfigurationList;
			buildConfigurations = (
				E813AFBB65F57E0459E46336 /* Debug */,
				1E4827325B81AF1DB129A051 /* Release */,
			);
			defaultConfigurationIsVisible = 0;
			defaultConfigurationName = Debug;
		};
		41A40E1DD68DBC6E94C53362 /* Build configuration list for PBXNativeTarget "Neo" */ = {
			isa = XCConfigurationList;
			buildConfigurations = (
				9C61075B9EF3ACC783F8B62C /* Debug */,
				B0B11DBACFB893E589CEFA06 /* Release */,
			);
			defaultConfigurationIsVisible = 0;
			defaultConfigurationName = Debug;
		};
		589303ABA1D2D9F2BA20231D /* Build configuration list for PBXNativeTarget "NeoShare" */ = {
			isa = XCConfigurationList;
			buildConfigurations = (
				1ED26561887388A71C76D6F5 /* Debug */,
				6F033EA9ADDB5685F5A7758A /* Release */,
			);
			defaultConfigurationIsVisible = 0;
			defaultConfigurationName = Debug;
		};
		64FB300109F284BE4D151BF5 /* Build configuration list for PBXProject "OracleApps" */ = {
			isa = XCConfigurationList;
			buildConfigurations = (
				8B1AC41CD1F5BE813D374A96 /* Debug */,
				19203404D05A287CFAF94598 /* Release */,
			);
			defaultConfigurationIsVisible = 0;
			defaultConfigurationName = Debug;
		};
		74122D6D08CE988E50D6054B /* Build configuration list for PBXNativeTarget "Pulse" */ = {
			isa = XCConfigurationList;
			buildConfigurations = (
				54B280AAFB3B720DD49AD23E /* Debug */,
				355BEE1F58AACE63A371A489 /* Release */,
			);
			defaultConfigurationIsVisible = 0;
			defaultConfigurationName = Debug;
		};
		A18DA8942974B8E3D08FE873 /* Build configuration list for PBXNativeTarget "NeoWidget" */ = {
			isa = XCConfigurationList;
			buildConfigurations = (
				4B0529496B0DA6C277C926E2 /* Debug */,
				59637AB946C70994A0156273 /* Release */,
			);
			defaultConfigurationIsVisible = 0;
			defaultConfigurationName = Debug;
		};
		B30B2EDE950C065FEAABC334 /* Build configuration list for PBXNativeTarget "PulseWidget" */ = {
			isa = XCConfigurationList;
			buildConfigurations = (
				5876257F8D7A170BE19CDAA7 /* Debug */,
				6ACDA8AAF747476CF29997FA /* Release */,
			);
			defaultConfigurationIsVisible = 0;
			defaultConfigurationName = Debug;
		};
		BDC08FDCE6440C95B1B73EEE /* Build configuration list for PBXNativeTarget "PulseShare" */ = {
			isa = XCConfigurationList;
			buildConfigurations = (
				2B0F3BF9C703BEE2541CBF4E /* Debug */,
				5794BC0AF53A1C51FC6AAAB3 /* Release */,
			);
			defaultConfigurationIsVisible = 0;
			defaultConfigurationName = Debug;
		};
		C708E339E107C8108031F8DE /* Build configuration list for PBXNativeTarget "NexusWidget" */ = {
			isa = XCConfigurationList;
			buildConfigurations = (
				450E64A73A4654D69521DB5C /* Debug */,
				07F9CD8CF473A4D397574F5C /* Release */,
			);
			defaultConfigurationIsVisible = 0;
			defaultConfigurationName = Debug;
		};
/* End XCConfigurationList section */

/* Begin XCLocalSwiftPackageReference section */
		1CB57D1B9DF86679A25DB009 /* XCLocalSwiftPackageReference "ANEEmbed" */ = {
			isa = XCLocalSwiftPackageReference;
			relativePath = ANEEmbed;
		};
		294EE4DEF81BAF52228E424F /* XCLocalSwiftPackageReference "OracleKit" */ = {
			isa = XCLocalSwiftPackageReference;
			relativePath = OracleKit;
		};
/* End XCLocalSwiftPackageReference section */

/* Begin XCSwiftPackageProductDependency section */
		1A760CF2A55F6C237D98F152 /* ANEEmbedCore */ = {
			isa = XCSwiftPackageProductDependency;
			productName = ANEEmbedCore;
		};
		21D63CA5B3750EA5A9C21B76 /* ANEEmbedCore */ = {
			isa = XCSwiftPackageProductDependency;
			productName = ANEEmbedCore;
		};
		4B4657CD7678E1CEC26E7C94 /* OracleKit */ = {
			isa = XCSwiftPackageProductDependency;
			productName = OracleKit;
		};
		4BC6B464CFBBEF1106689585 /* OracleKit */ = {
			isa = XCSwiftPackageProductDependency;
			productName = OracleKit;
		};
		84774326CBC858F01F5A8C1F /* OracleKit */ = {
			isa = XCSwiftPackageProductDependency;
			productName = OracleKit;
		};
		9EB334B6C1B129FB8DF7D118 /* OracleKit */ = {
			isa = XCSwiftPackageProductDependency;
			productName = OracleKit;
		};
		AA25C26D192E25E4550F953D /* OracleKit */ = {
			isa = XCSwiftPackageProductDependency;
			productName = OracleKit;
		};
		B0F5F3BACE628CD6D829BFDE /* OracleKit */ = {
			isa = XCSwiftPackageProductDependency;
			productName = OracleKit;
		};
		BEE0829B4ADE75163F6AD679 /* ANEEmbedCore */ = {
			isa = XCSwiftPackageProductDependency;
			productName = ANEEmbedCore;
		};
		BF28BFF93E30F2016054C7FC /* OracleKit */ = {
			isa = XCSwiftPackageProductDependency;
			productName = OracleKit;
		};
		D228F516928AAEE2C39582C7 /* OracleKit */ = {
			isa = XCSwiftPackageProductDependency;
			productName = OracleKit;
		};
		D8034BE3BE3303D05E137A02 /* OracleKit */ = {
			isa = XCSwiftPackageProductDependency;
			productName = OracleKit;
		};
		E21624C123AE7BFF0CA6252F /* ANEEmbedCore */ = {
			isa = XCSwiftPackageProductDependency;
			productName = ANEEmbedCore;
		};
		FECEC892500CEA279D83D81D /* OracleKit */ = {
			isa = XCSwiftPackageProductDependency;
			productName = OracleKit;
		};
/* End XCSwiftPackageProductDependency section */
	};
	rootObject = 430DB4AF39A44099EA106CF8 /* Project object */;
}
